// !$*UTF8*$!
{
	archiveVersion = 1;
	classes = {
	};
	objectVersion = 56;
	objects = {

/* Begin PBXBuildFile section */
		221F3CC12DDA38FB00C9C6E5 /* FavoriteViewController.swift in Sources */ = {isa = PBXBuildFile; fileRef = 221F3CBF2DDA38FB00C9C6E5 /* FavoriteViewController.swift */; };
		221F3CC22DDA38FB00C9C6E5 /* FavoriteViewController.xib in Resources */ = {isa = PBXBuildFile; fileRef = 221F3CC02DDA38FB00C9C6E5 /* FavoriteViewController.xib */; };
		221F3CC72DDA3CE800C9C6E5 /* FavoriteTableViewCell.swift in Sources */ = {isa = PBXBuildFile; fileRef = 221F3CC52DDA3CE800C9C6E5 /* FavoriteTableViewCell.swift */; };
		221F3CC82DDA3CE800C9C6E5 /* FavoriteTableViewCell.xib in Resources */ = {isa = PBXBuildFile; fileRef = 221F3CC62DDA3CE800C9C6E5 /* FavoriteTableViewCell.xib */; };
		222497392DD5051F00A0408C /* HomeCollectionViewCell.swift in Sources */ = {isa = PBXBuildFile; fileRef = 222497332DD5051F00A0408C /* HomeCollectionViewCell.swift */; };
		2224973A2DD5051F00A0408C /* HomeViewController.xib in Resources */ = {isa = PBXBuildFile; fileRef = 222497342DD5051F00A0408C /* HomeViewController.xib */; };
		2224973B2DD5051F00A0408C /* HomeViewController.swift in Sources */ = {isa = PBXBuildFile; fileRef = 222497352DD5051F00A0408C /* HomeViewController.swift */; };
		2224973C2DD5051F00A0408C /* HeaderCollectionReusableView.swift in Sources */ = {isa = PBXBuildFile; fileRef = 222497362DD5051F00A0408C /* HeaderCollectionReusableView.swift */; };
		2224973D2DD5051F00A0408C /* CarouselCell.swift in Sources */ = {isa = PBXBuildFile; fileRef = 222497372DD5051F00A0408C /* CarouselCell.swift */; };
		2224973E2DD5051F00A0408C /* HomeCollectionViewCell.xib in Resources */ = {isa = PBXBuildFile; fileRef = 222497382DD5051F00A0408C /* HomeCollectionViewCell.xib */; };
		22284F422DD3F8400022D4DD /* SplashViewController.swift in Sources */ = {isa = PBXBuildFile; fileRef = 22284F402DD3F8400022D4DD /* SplashViewController.swift */; };
		22284F432DD3F8400022D4DD /* SplashViewController.xib in Resources */ = {isa = PBXBuildFile; fileRef = 22284F412DD3F8400022D4DD /* SplashViewController.xib */; };
		22284F492DD406D10022D4DD /* Lottie in Frameworks */ = {isa = PBXBuildFile; productRef = 22284F482DD406D10022D4DD /* Lottie */; };
		22284F4B2DD406D10022D4DD /* Lottie-Dynamic in Frameworks */ = {isa = PBXBuildFile; productRef = 22284F4A2DD406D10022D4DD /* Lottie-Dynamic */; };
		2253DED02DDCD9FA00E8B20C /* StandingModel.swift in Sources */ = {isa = PBXBuildFile; fileRef = 2253DECF2DDCD9FA00E8B20C /* StandingModel.swift */; };
		2253DED22DDCDBC400E8B20C /* StandingsResult.swift in Sources */ = {isa = PBXBuildFile; fileRef = 2253DED12DDCDBC400E8B20C /* StandingsResult.swift */; };
		2253DED42DDCF35F00E8B20C /* TeamModel.swift in Sources */ = {isa = PBXBuildFile; fileRef = 2253DED32DDCF35F00E8B20C /* TeamModel.swift */; };
		2253DED62DDCF3EB00E8B20C /* PlayerModel.swift in Sources */ = {isa = PBXBuildFile; fileRef = 2253DED52DDCF3EB00E8B20C /* PlayerModel.swift */; };
		2253DED82DDCF4F100E8B20C /* TeamResult.swift in Sources */ = {isa = PBXBuildFile; fileRef = 2253DED72DDCF4F100E8B20C /* TeamResult.swift */; };
		2253DEDA2DDCF57400E8B20C /* TeamPresenter.swift in Sources */ = {isa = PBXBuildFile; fileRef = 2253DED92DDCF57400E8B20C /* TeamPresenter.swift */; };
		2253DEDC2DDCF6AA00E8B20C /* TeamViewProtocol.swift in Sources */ = {isa = PBXBuildFile; fileRef = 2253DEDB2DDCF6AA00E8B20C /* TeamViewProtocol.swift */; };
		2273A0BB2DD4D964006E5F7C /* OnboardingViewController.swift in Sources */ = {isa = PBXBuildFile; fileRef = 2273A0B92DD4D963006E5F7C /* OnboardingViewController.swift */; };
		2273A0BC2DD4D964006E5F7C /* OnboardingViewController.xib in Resources */ = {isa = PBXBuildFile; fileRef = 2273A0BA2DD4D963006E5F7C /* OnboardingViewController.xib */; };
		2273A0BE2DD4E00B006E5F7C /* UIColor.swift in Sources */ = {isa = PBXBuildFile; fileRef = 2273A0BD2DD4E00B006E5F7C /* UIColor.swift */; };
		228C586E2DDA626C00D7A5D5 /* UpcomingMatchCell.xib in Resources */ = {isa = PBXBuildFile; fileRef = 228C58632DDA626C00D7A5D5 /* UpcomingMatchCell.xib */; };
		228C586F2DDA626C00D7A5D5 /* UpcomingMatchCell.swift in Sources */ = {isa = PBXBuildFile; fileRef = 228C58642DDA626C00D7A5D5 /* UpcomingMatchCell.swift */; };
		228C58702DDA626C00D7A5D5 /* LeagueDetailsCollectionView.xib in Resources */ = {isa = PBXBuildFile; fileRef = 228C58662DDA626C00D7A5D5 /* LeagueDetailsCollectionView.xib */; };
		228C58712DDA626C00D7A5D5 /* LeagueDetailsCollectionView.swift in Sources */ = {isa = PBXBuildFile; fileRef = 228C58672DDA626C00D7A5D5 /* LeagueDetailsCollectionView.swift */; };
		228C58722DDA626C00D7A5D5 /* TeamCell.xib in Resources */ = {isa = PBXBuildFile; fileRef = 228C58692DDA626C00D7A5D5 /* TeamCell.xib */; };
		228C58732DDA626C00D7A5D5 /* TeamCell.swift in Sources */ = {isa = PBXBuildFile; fileRef = 228C586A2DDA626C00D7A5D5 /* TeamCell.swift */; };
		228C58742DDA626C00D7A5D5 /* EventCell.swift in Sources */ = {isa = PBXBuildFile; fileRef = 228C586C2DDA626C00D7A5D5 /* EventCell.swift */; };
		228C58752DDA626C00D7A5D5 /* EventCell.xib in Resources */ = {isa = PBXBuildFile; fileRef = 228C586D2DDA626C00D7A5D5 /* EventCell.xib */; };
		22999AED2DD772600055A3BA /* TeamViewController.swift in Sources */ = {isa = PBXBuildFile; fileRef = 22999AEB2DD772600055A3BA /* TeamViewController.swift */; };
		22999AEE2DD772600055A3BA /* TeamViewController.xib in Resources */ = {isa = PBXBuildFile; fileRef = 22999AEC2DD772600055A3BA /* TeamViewController.xib */; };
		22999AF12DD777740055A3BA /* HeaderTeamCollectionReusableView.swift in Sources */ = {isa = PBXBuildFile; fileRef = 22999AEF2DD777740055A3BA /* HeaderTeamCollectionReusableView.swift */; };
		22999AF22DD777740055A3BA /* HeaderTeamCollectionReusableView.xib in Resources */ = {isa = PBXBuildFile; fileRef = 22999AF02DD777740055A3BA /* HeaderTeamCollectionReusableView.xib */; };
		22A9181E2DDB6DCD0064CE8D /* SportEnum.swift in Sources */ = {isa = PBXBuildFile; fileRef = 22A9181D2DDB6DCD0064CE8D /* SportEnum.swift */; };
		22A918222DDB6F5B0064CE8D /* NetworkManager.swift in Sources */ = {isa = PBXBuildFile; fileRef = 22A918212DDB6F5B0064CE8D /* NetworkManager.swift */; };
		22A918252DDB70FA0064CE8D /* Alamofire in Frameworks */ = {isa = PBXBuildFile; productRef = 22A918242DDB70FA0064CE8D /* Alamofire */; };
		22A918272DDB70FA0064CE8D /* AlamofireDynamic in Frameworks */ = {isa = PBXBuildFile; productRef = 22A918262DDB70FA0064CE8D /* AlamofireDynamic */; };
		22B0B88A2DD3AEED00243611 /* AppDelegate.swift in Sources */ = {isa = PBXBuildFile; fileRef = 22B0B8892DD3AEED00243611 /* AppDelegate.swift */; };
		22B0B88C2DD3AEED00243611 /* SceneDelegate.swift in Sources */ = {isa = PBXBuildFile; fileRef = 22B0B88B2DD3AEED00243611 /* SceneDelegate.swift */; };
		22B0B8942DD3AEED00243611 /* Sport_App.xcdatamodeld in Sources */ = {isa = PBXBuildFile; fileRef = 22B0B8922DD3AEED00243611 /* Sport_App.xcdatamodeld */; };
		22B0B8962DD3AEEE00243611 /* Assets.xcassets in Resources */ = {isa = PBXBuildFile; fileRef = 22B0B8952DD3AEEE00243611 /* Assets.xcassets */; };
		22B0B8992DD3AEEE00243611 /* LaunchScreen.storyboard in Resources */ = {isa = PBXBuildFile; fileRef = 22B0B8972DD3AEEE00243611 /* LaunchScreen.storyboard */; };
		22B0B8A42DD3AEEF00243611 /* Sport_AppTests.swift in Sources */ = {isa = PBXBuildFile; fileRef = 22B0B8A32DD3AEEF00243611 /* Sport_AppTests.swift */; };
		22B0B8AE2DD3AEEF00243611 /* Sport_AppUITests.swift in Sources */ = {isa = PBXBuildFile; fileRef = 22B0B8AD2DD3AEEF00243611 /* Sport_AppUITests.swift */; };
		22B0B8B02DD3AEEF00243611 /* Sport_AppUITestsLaunchTests.swift in Sources */ = {isa = PBXBuildFile; fileRef = 22B0B8AF2DD3AEEF00243611 /* Sport_AppUITestsLaunchTests.swift */; };
		22B730662DDA7DBD00C5A5B7 /* splash.json in Resources */ = {isa = PBXBuildFile; fileRef = 22B730652DDA7DBD00C5A5B7 /* splash.json */; };
		22BAD8FD2DD65C8000C0817B /* LeaguesViewController.swift in Sources */ = {isa = PBXBuildFile; fileRef = 22BAD8FB2DD65C8000C0817B /* LeaguesViewController.swift */; };
		22BAD8FE2DD65C8000C0817B /* LeaguesViewController.xib in Resources */ = {isa = PBXBuildFile; fileRef = 22BAD8FC2DD65C8000C0817B /* LeaguesViewController.xib */; };
		22BAD9022DD65DD900C0817B /* LeagueModel.swift in Sources */ = {isa = PBXBuildFile; fileRef = 22BAD9012DD65DD900C0817B /* LeagueModel.swift */; };
		22BAD9082DD6670D00C0817B /* LeagueTableViewCell.swift in Sources */ = {isa = PBXBuildFile; fileRef = 22BAD9062DD6670D00C0817B /* LeagueTableViewCell.swift */; };
		22BAD9092DD6670D00C0817B /* LeagueTableViewCell.xib in Resources */ = {isa = PBXBuildFile; fileRef = 22BAD9072DD6670D00C0817B /* LeagueTableViewCell.xib */; };
		22C25FE32DD7B837009B80AE /* TeamCollectionViewCell.swift in Sources */ = {isa = PBXBuildFile; fileRef = 22C25FE12DD7B837009B80AE /* TeamCollectionViewCell.swift */; };
		22C25FE42DD7B837009B80AE /* TeamCollectionViewCell.xib in Resources */ = {isa = PBXBuildFile; fileRef = 22C25FE22DD7B837009B80AE /* TeamCollectionViewCell.xib */; };
		22CE33022DDE35A600252094 /* FavoriteModel.swift in Sources */ = {isa = PBXBuildFile; fileRef = 22CE33012DDE35A600252094 /* FavoriteModel.swift */; };
		22CE33042DDE62FF00252094 /* FavoritePresenter.swift in Sources */ = {isa = PBXBuildFile; fileRef = 22CE33032DDE62FF00252094 /* FavoritePresenter.swift */; };
		22CE33062DDE631700252094 /* FavoriteViewProtocol.swift in Sources */ = {isa = PBXBuildFile; fileRef = 22CE33052DDE631700252094 /* FavoriteViewProtocol.swift */; };
		22CE33082DDE6DE600252094 /* CheckInternet.swift in Sources */ = {isa = PBXBuildFile; fileRef = 22CE33072DDE6DE600252094 /* CheckInternet.swift */; };
		22D1A8742DDB759F00B10ADB /* LeaguesPresenter.swift in Sources */ = {isa = PBXBuildFile; fileRef = 22D1A8732DDB759F00B10ADB /* LeaguesPresenter.swift */; };
		22D1A8762DDB75C500B10ADB /* ViewProtocol.swift in Sources */ = {isa = PBXBuildFile; fileRef = 22D1A8752DDB75C500B10ADB /* ViewProtocol.swift */; };
		22D1A8792DDC666D00B10ADB /* MatchModel.swift in Sources */ = {isa = PBXBuildFile; fileRef = 22D1A8782DDC666D00B10ADB /* MatchModel.swift */; };
		22D1A87C2DDC6A0700B10ADB /* LeagueDetailsPresenter.swift in Sources */ = {isa = PBXBuildFile; fileRef = 22D1A87B2DDC6A0700B10ADB /* LeagueDetailsPresenter.swift */; };
		22D1A87E2DDC6A5600B10ADB /* LeagueDetailsViewProtocol.swift in Sources */ = {isa = PBXBuildFile; fileRef = 22D1A87D2DDC6A5600B10ADB /* LeagueDetailsViewProtocol.swift */; };
/* End PBXBuildFile section */

/* Begin PBXContainerItemProxy section */
		22B0B8A02DD3AEEF00243611 /* PBXContainerItemProxy */ = {
			isa = PBXContainerItemProxy;
			containerPortal = 22B0B87E2DD3AEED00243611 /* Project object */;
			proxyType = 1;
			remoteGlobalIDString = 22B0B8852DD3AEED00243611;
			remoteInfo = "Sport App";
		};
		22B0B8AA2DD3AEEF00243611 /* PBXContainerItemProxy */ = {
			isa = PBXContainerItemProxy;
			containerPortal = 22B0B87E2DD3AEED00243611 /* Project object */;
			proxyType = 1;
			remoteGlobalIDString = 22B0B8852DD3AEED00243611;
			remoteInfo = "Sport App";
		};
/* End PBXContainerItemProxy section */

/* Begin PBXFileReference section */
		221F3CBF2DDA38FB00C9C6E5 /* FavoriteViewController.swift */ = {isa = PBXFileReference; lastKnownFileType = sourcecode.swift; path = FavoriteViewController.swift; sourceTree = "<group>"; };
		221F3CC02DDA38FB00C9C6E5 /* FavoriteViewController.xib */ = {isa = PBXFileReference; lastKnownFileType = file.xib; path = FavoriteViewController.xib; sourceTree = "<group>"; };
		221F3CC52DDA3CE800C9C6E5 /* FavoriteTableViewCell.swift */ = {isa = PBXFileReference; lastKnownFileType = sourcecode.swift; path = FavoriteTableViewCell.swift; sourceTree = "<group>"; };
		221F3CC62DDA3CE800C9C6E5 /* FavoriteTableViewCell.xib */ = {isa = PBXFileReference; lastKnownFileType = file.xib; path = FavoriteTableViewCell.xib; sourceTree = "<group>"; };
		222497332DD5051F00A0408C /* HomeCollectionViewCell.swift */ = {isa = PBXFileReference; fileEncoding = 4; lastKnownFileType = sourcecode.swift; path = HomeCollectionViewCell.swift; sourceTree = "<group>"; };
		222497342DD5051F00A0408C /* HomeViewController.xib */ = {isa = PBXFileReference; fileEncoding = 4; lastKnownFileType = file.xib; path = HomeViewController.xib; sourceTree = "<group>"; };
		222497352DD5051F00A0408C /* HomeViewController.swift */ = {isa = PBXFileReference; fileEncoding = 4; lastKnownFileType = sourcecode.swift; path = HomeViewController.swift; sourceTree = "<group>"; };
		222497362DD5051F00A0408C /* HeaderCollectionReusableView.swift */ = {isa = PBXFileReference; fileEncoding = 4; lastKnownFileType = sourcecode.swift; path = HeaderCollectionReusableView.swift; sourceTree = "<group>"; };
		222497372DD5051F00A0408C /* CarouselCell.swift */ = {isa = PBXFileReference; fileEncoding = 4; lastKnownFileType = sourcecode.swift; path = CarouselCell.swift; sourceTree = "<group>"; };
		222497382DD5051F00A0408C /* HomeCollectionViewCell.xib */ = {isa = PBXFileReference; fileEncoding = 4; lastKnownFileType = file.xib; path = HomeCollectionViewCell.xib; sourceTree = "<group>"; };
		22284F402DD3F8400022D4DD /* SplashViewController.swift */ = {isa = PBXFileReference; lastKnownFileType = sourcecode.swift; path = SplashViewController.swift; sourceTree = "<group>"; };
		22284F412DD3F8400022D4DD /* SplashViewController.xib */ = {isa = PBXFileReference; lastKnownFileType = file.xib; path = SplashViewController.xib; sourceTree = "<group>"; };
		2253DECF2DDCD9FA00E8B20C /* StandingModel.swift */ = {isa = PBXFileReference; lastKnownFileType = sourcecode.swift; path = StandingModel.swift; sourceTree = "<group>"; };
		2253DED12DDCDBC400E8B20C /* StandingsResult.swift */ = {isa = PBXFileReference; lastKnownFileType = sourcecode.swift; path = StandingsResult.swift; sourceTree = "<group>"; };
		2253DED32DDCF35F00E8B20C /* TeamModel.swift */ = {isa = PBXFileReference; lastKnownFileType = sourcecode.swift; name = TeamModel.swift; path = "Sport App/Features/Team/Model/TeamModel.swift"; sourceTree = SOURCE_ROOT; };
		2253DED52DDCF3EB00E8B20C /* PlayerModel.swift */ = {isa = PBXFileReference; lastKnownFileType = sourcecode.swift; name = PlayerModel.swift; path = "Sport App/Features/Team/Model/PlayerModel.swift"; sourceTree = SOURCE_ROOT; };
		2253DED72DDCF4F100E8B20C /* TeamResult.swift */ = {isa = PBXFileReference; lastKnownFileType = sourcecode.swift; name = TeamResult.swift; path = "Sport App/Features/Team/Model/TeamResult.swift"; sourceTree = SOURCE_ROOT; };
		2253DED92DDCF57400E8B20C /* TeamPresenter.swift */ = {isa = PBXFileReference; lastKnownFileType = sourcecode.swift; name = TeamPresenter.swift; path = "Sport App/Features/Team/Presenter/TeamPresenter.swift"; sourceTree = SOURCE_ROOT; };
		2253DEDB2DDCF6AA00E8B20C /* TeamViewProtocol.swift */ = {isa = PBXFileReference; lastKnownFileType = sourcecode.swift; name = TeamViewProtocol.swift; path = "Sport App/Features/Team/Presenter/TeamViewProtocol.swift"; sourceTree = SOURCE_ROOT; };
		2273A0B92DD4D963006E5F7C /* OnboardingViewController.swift */ = {isa = PBXFileReference; lastKnownFileType = sourcecode.swift; path = OnboardingViewController.swift; sourceTree = "<group>"; };
		2273A0BA2DD4D963006E5F7C /* OnboardingViewController.xib */ = {isa = PBXFileReference; lastKnownFileType = file.xib; path = OnboardingViewController.xib; sourceTree = "<group>"; };
		2273A0BD2DD4E00B006E5F7C /* UIColor.swift */ = {isa = PBXFileReference; lastKnownFileType = sourcecode.swift; path = UIColor.swift; sourceTree = "<group>"; };
		228C58632DDA626C00D7A5D5 /* UpcomingMatchCell.xib */ = {isa = PBXFileReference; fileEncoding = 4; lastKnownFileType = file.xib; path = UpcomingMatchCell.xib; sourceTree = "<group>"; };
		228C58642DDA626C00D7A5D5 /* UpcomingMatchCell.swift */ = {isa = PBXFileReference; fileEncoding = 4; lastKnownFileType = sourcecode.swift; path = UpcomingMatchCell.swift; sourceTree = "<group>"; };
		228C58662DDA626C00D7A5D5 /* LeagueDetailsCollectionView.xib */ = {isa = PBXFileReference; fileEncoding = 4; lastKnownFileType = file.xib; path = LeagueDetailsCollectionView.xib; sourceTree = "<group>"; };
		228C58672DDA626C00D7A5D5 /* LeagueDetailsCollectionView.swift */ = {isa = PBXFileReference; fileEncoding = 4; lastKnownFileType = sourcecode.swift; path = LeagueDetailsCollectionView.swift; sourceTree = "<group>"; };
		228C58692DDA626C00D7A5D5 /* TeamCell.xib */ = {isa = PBXFileReference; fileEncoding = 4; lastKnownFileType = file.xib; path = TeamCell.xib; sourceTree = "<group>"; };
		228C586A2DDA626C00D7A5D5 /* TeamCell.swift */ = {isa = PBXFileReference; fileEncoding = 4; lastKnownFileType = sourcecode.swift; path = TeamCell.swift; sourceTree = "<group>"; };
		228C586C2DDA626C00D7A5D5 /* EventCell.swift */ = {isa = PBXFileReference; fileEncoding = 4; lastKnownFileType = sourcecode.swift; path = EventCell.swift; sourceTree = "<group>"; };
		228C586D2DDA626C00D7A5D5 /* EventCell.xib */ = {isa = PBXFileReference; fileEncoding = 4; lastKnownFileType = file.xib; path = EventCell.xib; sourceTree = "<group>"; };
		22999AEB2DD772600055A3BA /* TeamViewController.swift */ = {isa = PBXFileReference; lastKnownFileType = sourcecode.swift; path = TeamViewController.swift; sourceTree = "<group>"; };
		22999AEC2DD772600055A3BA /* TeamViewController.xib */ = {isa = PBXFileReference; lastKnownFileType = file.xib; path = TeamViewController.xib; sourceTree = "<group>"; };
		22999AEF2DD777740055A3BA /* HeaderTeamCollectionReusableView.swift */ = {isa = PBXFileReference; lastKnownFileType = sourcecode.swift; path = HeaderTeamCollectionReusableView.swift; sourceTree = "<group>"; };
		22999AF02DD777740055A3BA /* HeaderTeamCollectionReusableView.xib */ = {isa = PBXFileReference; lastKnownFileType = file.xib; path = HeaderTeamCollectionReusableView.xib; sourceTree = "<group>"; };
		22A9181D2DDB6DCD0064CE8D /* SportEnum.swift */ = {isa = PBXFileReference; lastKnownFileType = sourcecode.swift; path = SportEnum.swift; sourceTree = "<group>"; };
		22A918212DDB6F5B0064CE8D /* NetworkManager.swift */ = {isa = PBXFileReference; lastKnownFileType = sourcecode.swift; path = NetworkManager.swift; sourceTree = "<group>"; };
		22B0B8862DD3AEED00243611 /* Sport App.app */ = {isa = PBXFileReference; explicitFileType = wrapper.application; includeInIndex = 0; path = "Sport App.app"; sourceTree = BUILT_PRODUCTS_DIR; };
		22B0B8892DD3AEED00243611 /* AppDelegate.swift */ = {isa = PBXFileReference; lastKnownFileType = sourcecode.swift; path = AppDelegate.swift; sourceTree = "<group>"; };
		22B0B88B2DD3AEED00243611 /* SceneDelegate.swift */ = {isa = PBXFileReference; lastKnownFileType = sourcecode.swift; path = SceneDelegate.swift; sourceTree = "<group>"; };
		22B0B8932DD3AEED00243611 /* Sport_App.xcdatamodel */ = {isa = PBXFileReference; lastKnownFileType = wrapper.xcdatamodel; path = Sport_App.xcdatamodel; sourceTree = "<group>"; };
		22B0B8952DD3AEEE00243611 /* Assets.xcassets */ = {isa = PBXFileReference; lastKnownFileType = folder.assetcatalog; path = Assets.xcassets; sourceTree = "<group>"; };
		22B0B8982DD3AEEE00243611 /* Base */ = {isa = PBXFileReference; lastKnownFileType = file.storyboard; name = Base; path = Base.lproj/LaunchScreen.storyboard; sourceTree = "<group>"; };
		22B0B89A2DD3AEEE00243611 /* Info.plist */ = {isa = PBXFileReference; lastKnownFileType = text.plist.xml; path = Info.plist; sourceTree = "<group>"; };
		22B0B89F2DD3AEEF00243611 /* Sport AppTests.xctest */ = {isa = PBXFileReference; explicitFileType = wrapper.cfbundle; includeInIndex = 0; path = "Sport AppTests.xctest"; sourceTree = BUILT_PRODUCTS_DIR; };
		22B0B8A32DD3AEEF00243611 /* Sport_AppTests.swift */ = {isa = PBXFileReference; lastKnownFileType = sourcecode.swift; path = Sport_AppTests.swift; sourceTree = "<group>"; };
		22B0B8A92DD3AEEF00243611 /* Sport AppUITests.xctest */ = {isa = PBXFileReference; explicitFileType = wrapper.cfbundle; includeInIndex = 0; path = "Sport AppUITests.xctest"; sourceTree = BUILT_PRODUCTS_DIR; };
		22B0B8AD2DD3AEEF00243611 /* Sport_AppUITests.swift */ = {isa = PBXFileReference; lastKnownFileType = sourcecode.swift; path = Sport_AppUITests.swift; sourceTree = "<group>"; };
		22B0B8AF2DD3AEEF00243611 /* Sport_AppUITestsLaunchTests.swift */ = {isa = PBXFileReference; lastKnownFileType = sourcecode.swift; path = Sport_AppUITestsLaunchTests.swift; sourceTree = "<group>"; };
		22B730652DDA7DBD00C5A5B7 /* splash.json */ = {isa = PBXFileReference; fileEncoding = 4; lastKnownFileType = text.json; path = splash.json; sourceTree = "<group>"; };
		22BAD8FB2DD65C8000C0817B /* LeaguesViewController.swift */ = {isa = PBXFileReference; lastKnownFileType = sourcecode.swift; path = LeaguesViewController.swift; sourceTree = "<group>"; };
		22BAD8FC2DD65C8000C0817B /* LeaguesViewController.xib */ = {isa = PBXFileReference; lastKnownFileType = file.xib; path = LeaguesViewController.xib; sourceTree = "<group>"; };
		22BAD9012DD65DD900C0817B /* LeagueModel.swift */ = {isa = PBXFileReference; lastKnownFileType = sourcecode.swift; path = LeagueModel.swift; sourceTree = "<group>"; };
		22BAD9062DD6670D00C0817B /* LeagueTableViewCell.swift */ = {isa = PBXFileReference; lastKnownFileType = sourcecode.swift; path = LeagueTableViewCell.swift; sourceTree = "<group>"; };
		22BAD9072DD6670D00C0817B /* LeagueTableViewCell.xib */ = {isa = PBXFileReference; lastKnownFileType = file.xib; path = LeagueTableViewCell.xib; sourceTree = "<group>"; };
		22C25FE12DD7B837009B80AE /* TeamCollectionViewCell.swift */ = {isa = PBXFileReference; lastKnownFileType = sourcecode.swift; path = TeamCollectionViewCell.swift; sourceTree = "<group>"; };
		22C25FE22DD7B837009B80AE /* TeamCollectionViewCell.xib */ = {isa = PBXFileReference; lastKnownFileType = file.xib; path = TeamCollectionViewCell.xib; sourceTree = "<group>"; };
		22CE33012DDE35A600252094 /* FavoriteModel.swift */ = {isa = PBXFileReference; lastKnownFileType = sourcecode.swift; path = FavoriteModel.swift; sourceTree = "<group>"; };
		22CE33032DDE62FF00252094 /* FavoritePresenter.swift */ = {isa = PBXFileReference; lastKnownFileType = sourcecode.swift; path = FavoritePresenter.swift; sourceTree = "<group>"; };
		22CE33052DDE631700252094 /* FavoriteViewProtocol.swift */ = {isa = PBXFileReference; lastKnownFileType = sourcecode.swift; path = FavoriteViewProtocol.swift; sourceTree = "<group>"; };
		22CE33072DDE6DE600252094 /* CheckInternet.swift */ = {isa = PBXFileReference; lastKnownFileType = sourcecode.swift; path = CheckInternet.swift; sourceTree = "<group>"; };
		22D1A8732DDB759F00B10ADB /* LeaguesPresenter.swift */ = {isa = PBXFileReference; lastKnownFileType = sourcecode.swift; name = LeaguesPresenter.swift; path = "Sport App/Features/Leagues/Presenter/LeaguesPresenter.swift"; sourceTree = SOURCE_ROOT; };
		22D1A8752DDB75C500B10ADB /* ViewProtocol.swift */ = {isa = PBXFileReference; lastKnownFileType = sourcecode.swift; path = ViewProtocol.swift; sourceTree = "<group>"; };
		22D1A8782DDC666D00B10ADB /* MatchModel.swift */ = {isa = PBXFileReference; lastKnownFileType = sourcecode.swift; path = MatchModel.swift; sourceTree = "<group>"; };
		22D1A87B2DDC6A0700B10ADB /* LeagueDetailsPresenter.swift */ = {isa = PBXFileReference; lastKnownFileType = sourcecode.swift; path = LeagueDetailsPresenter.swift; sourceTree = "<group>"; };
		22D1A87D2DDC6A5600B10ADB /* LeagueDetailsViewProtocol.swift */ = {isa = PBXFileReference; lastKnownFileType = sourcecode.swift; path = LeagueDetailsViewProtocol.swift; sourceTree = "<group>"; };
/* End PBXFileReference section */

/* Begin PBXFrameworksBuildPhase section */
		22B0B8832DD3AEED00243611 /* Frameworks */ = {
			isa = PBXFrameworksBuildPhase;
			buildActionMask = 2147483647;
			files = (
				22A918252DDB70FA0064CE8D /* Alamofire in Frameworks */,
				22A918272DDB70FA0064CE8D /* AlamofireDynamic in Frameworks */,
				22284F492DD406D10022D4DD /* Lottie in Frameworks */,
				22284F4B2DD406D10022D4DD /* Lottie-Dynamic in Frameworks */,
			);
			runOnlyForDeploymentPostprocessing = 0;
		};
		22B0B89C2DD3AEEF00243611 /* Frameworks */ = {
			isa = PBXFrameworksBuildPhase;
			buildActionMask = 2147483647;
			files = (
			);
			runOnlyForDeploymentPostprocessing = 0;
		};
		22B0B8A62DD3AEEF00243611 /* Frameworks */ = {
			isa = PBXFrameworksBuildPhase;
			buildActionMask = 2147483647;
			files = (
			);
			runOnlyForDeploymentPostprocessing = 0;
		};
/* End PBXFrameworksBuildPhase section */

/* Begin PBXGroup section */
		221F3CBB2DDA38A600C9C6E5 /* Favorite */ = {
			isa = PBXGroup;
			children = (
				22C0F5592DDDD03E0013B1D4 /* Presenter */,
				22C0F5582DDDD0350013B1D4 /* Model */,
				221F3CBD2DDA38C900C9C6E5 /* Views */,
			);
			path = Favorite;
			sourceTree = "<group>";
		};
		221F3CBD2DDA38C900C9C6E5 /* Views */ = {
			isa = PBXGroup;
			children = (
				221F3CBF2DDA38FB00C9C6E5 /* FavoriteViewController.swift */,
				221F3CC02DDA38FB00C9C6E5 /* FavoriteViewController.xib */,
				221F3CC52DDA3CE800C9C6E5 /* FavoriteTableViewCell.swift */,
				221F3CC62DDA3CE800C9C6E5 /* FavoriteTableViewCell.xib */,
			);
			path = Views;
			sourceTree = "<group>";
		};
		222497322DD5051F00A0408C /* Home  */ = {
			isa = PBXGroup;
			children = (
				22BAD8F72DD651FC00C0817B /* Views */,
			);
			path = "Home ";
			sourceTree = "<group>";
		};
		22284F452DD405050022D4DD /* Splash */ = {
			isa = PBXGroup;
			children = (
				22284F402DD3F8400022D4DD /* SplashViewController.swift */,
				22284F412DD3F8400022D4DD /* SplashViewController.xib */,
			);
			path = Splash;
			sourceTree = "<group>";
		};
		2273A0B52DD4D812006E5F7C /* Features */ = {
			isa = PBXGroup;
			children = (
				228C58602DDA626C00D7A5D5 /* Match Details */,
				221F3CBB2DDA38A600C9C6E5 /* Favorite */,
				22999AE72DD752B70055A3BA /* Team */,
				22BAD8FA2DD657AD00C0817B /* Leagues */,
				222497322DD5051F00A0408C /* Home  */,
				2273A0B62DD4D84B006E5F7C /* Onboarding */,
				22284F452DD405050022D4DD /* Splash */,
			);
			path = Features;
			sourceTree = "<group>";
		};
		2273A0B62DD4D84B006E5F7C /* Onboarding */ = {
			isa = PBXGroup;
			children = (
				2273A0B92DD4D963006E5F7C /* OnboardingViewController.swift */,
				2273A0BA2DD4D963006E5F7C /* OnboardingViewController.xib */,
			);
			path = Onboarding;
			sourceTree = "<group>";
		};
		228C58602DDA626C00D7A5D5 /* Match Details */ = {
			isa = PBXGroup;
			children = (
				22D1A87A2DDC69E700B10ADB /* Presenter */,
				22D1A8772DDC665800B10ADB /* Model */,
				228C58612DDA626C00D7A5D5 /* View */,
			);
			path = "Match Details";
			sourceTree = "<group>";
		};
		228C58612DDA626C00D7A5D5 /* View */ = {
			isa = PBXGroup;
			children = (
				228C58622DDA626C00D7A5D5 /* Upcoming Match  */,
				228C58652DDA626C00D7A5D5 /* Leagues Details Collection */,
				228C58682DDA626C00D7A5D5 /* Team */,
				228C586B2DDA626C00D7A5D5 /* Event */,
			);
			path = View;
			sourceTree = "<group>";
		};
		228C58622DDA626C00D7A5D5 /* Upcoming Match  */ = {
			isa = PBXGroup;
			children = (
				228C58632DDA626C00D7A5D5 /* UpcomingMatchCell.xib */,
				228C58642DDA626C00D7A5D5 /* UpcomingMatchCell.swift */,
			);
			path = "Upcoming Match ";
			sourceTree = "<group>";
		};
		228C58652DDA626C00D7A5D5 /* Leagues Details Collection */ = {
			isa = PBXGroup;
			children = (
				228C58662DDA626C00D7A5D5 /* LeagueDetailsCollectionView.xib */,
				228C58672DDA626C00D7A5D5 /* LeagueDetailsCollectionView.swift */,
			);
			path = "Leagues Details Collection";
			sourceTree = "<group>";
		};
		228C58682DDA626C00D7A5D5 /* Team */ = {
			isa = PBXGroup;
			children = (
				228C58692DDA626C00D7A5D5 /* TeamCell.xib */,
				228C586A2DDA626C00D7A5D5 /* TeamCell.swift */,
			);
			path = Team;
			sourceTree = "<group>";
		};
		228C586B2DDA626C00D7A5D5 /* Event */ = {
			isa = PBXGroup;
			children = (
				228C586C2DDA626C00D7A5D5 /* EventCell.swift */,
				228C586D2DDA626C00D7A5D5 /* EventCell.xib */,
			);
			path = Event;
			sourceTree = "<group>";
		};
		22999AE72DD752B70055A3BA /* Team */ = {
			isa = PBXGroup;
			children = (
				22C0F5572DDDD0160013B1D4 /* Model */,
				22C0F5562DDDD0020013B1D4 /* Presenter */,
				22999AE82DD752C20055A3BA /* Views */,
			);
			path = Team;
			sourceTree = "<group>";
		};
		22999AE82DD752C20055A3BA /* Views */ = {
			isa = PBXGroup;
			children = (
				22999AEB2DD772600055A3BA /* TeamViewController.swift */,
				22999AEC2DD772600055A3BA /* TeamViewController.xib */,
				22999AEF2DD777740055A3BA /* HeaderTeamCollectionReusableView.swift */,
				22999AF02DD777740055A3BA /* HeaderTeamCollectionReusableView.xib */,
				22C25FE12DD7B837009B80AE /* TeamCollectionViewCell.swift */,
				22C25FE22DD7B837009B80AE /* TeamCollectionViewCell.xib */,
			);
			path = Views;
			sourceTree = "<group>";
		};
		22A9181F2DDB6F300064CE8D /* Shared */ = {
			isa = PBXGroup;
			children = (
				22A918212DDB6F5B0064CE8D /* NetworkManager.swift */,
				22CE33072DDE6DE600252094 /* CheckInternet.swift */,
			);
			path = Shared;
			sourceTree = "<group>";
		};
		22B0B87D2DD3AEED00243611 = {
			isa = PBXGroup;
			children = (
				22B0B8882DD3AEED00243611 /* Sport App */,
				22B0B8A22DD3AEEF00243611 /* Sport AppTests */,
				22B0B8AC2DD3AEEF00243611 /* Sport AppUITests */,
				22B0B8872DD3AEED00243611 /* Products */,
			);
			sourceTree = "<group>";
		};
		22B0B8872DD3AEED00243611 /* Products */ = {
			isa = PBXGroup;
			children = (
				22B0B8862DD3AEED00243611 /* Sport App.app */,
				22B0B89F2DD3AEEF00243611 /* Sport AppTests.xctest */,
				22B0B8A92DD3AEEF00243611 /* Sport AppUITests.xctest */,
			);
			name = Products;
			sourceTree = "<group>";
		};
		22B0B8882DD3AEED00243611 /* Sport App */ = {
			isa = PBXGroup;
			children = (
				22A9181F2DDB6F300064CE8D /* Shared */,
				22B0B89A2DD3AEEE00243611 /* Info.plist */,
				22B730672DDA7E2D00C5A5B7 /* CoreData */,
				22B730622DDA7D7C00C5A5B7 /* Resource */,
				22B730612DDA7D1400C5A5B7 /* App */,
				2273A0B52DD4D812006E5F7C /* Features */,
			);
			path = "Sport App";
			sourceTree = "<group>";
		};
		22B0B8A22DD3AEEF00243611 /* Sport AppTests */ = {
			isa = PBXGroup;
			children = (
				22B0B8A32DD3AEEF00243611 /* Sport_AppTests.swift */,
			);
			path = "Sport AppTests";
			sourceTree = "<group>";
		};
		22B0B8AC2DD3AEEF00243611 /* Sport AppUITests */ = {
			isa = PBXGroup;
			children = (
				22B0B8AD2DD3AEEF00243611 /* Sport_AppUITests.swift */,
				22B0B8AF2DD3AEEF00243611 /* Sport_AppUITestsLaunchTests.swift */,
			);
			path = "Sport AppUITests";
			sourceTree = "<group>";
		};
		22B730612DDA7D1400C5A5B7 /* App */ = {
			isa = PBXGroup;
			children = (
				22B0B88B2DD3AEED00243611 /* SceneDelegate.swift */,
				22B0B8892DD3AEED00243611 /* AppDelegate.swift */,
			);
			path = App;
			sourceTree = "<group>";
		};
		22B730622DDA7D7C00C5A5B7 /* Resource */ = {
			isa = PBXGroup;
			children = (
				2273A0BD2DD4E00B006E5F7C /* UIColor.swift */,
				22B0B8952DD3AEEE00243611 /* Assets.xcassets */,
				22B0B8972DD3AEEE00243611 /* LaunchScreen.storyboard */,
				22B730652DDA7DBD00C5A5B7 /* splash.json */,
			);
			path = Resource;
			sourceTree = "<group>";
		};
		22B730672DDA7E2D00C5A5B7 /* CoreData */ = {
			isa = PBXGroup;
			children = (
				22B0B8922DD3AEED00243611 /* Sport_App.xcdatamodeld */,
			);
			path = CoreData;
			sourceTree = "<group>";
		};
		22BAD8F72DD651FC00C0817B /* Views */ = {
			isa = PBXGroup;
			children = (
				222497332DD5051F00A0408C /* HomeCollectionViewCell.swift */,
				222497342DD5051F00A0408C /* HomeViewController.xib */,
				222497352DD5051F00A0408C /* HomeViewController.swift */,
				222497362DD5051F00A0408C /* HeaderCollectionReusableView.swift */,
				222497372DD5051F00A0408C /* CarouselCell.swift */,
				222497382DD5051F00A0408C /* HomeCollectionViewCell.xib */,
			);
			path = Views;
			sourceTree = "<group>";
		};
		22BAD8FA2DD657AD00C0817B /* Leagues */ = {
			isa = PBXGroup;
			children = (
				22C0F5552DDDCFD70013B1D4 /* Presenter */,
				22BAD9032DD65E8700C0817B /* Views */,
				22BAD8FF2DD65DB700C0817B /* Model */,
			);
			path = Leagues;
			sourceTree = "<group>";
		};
		22BAD8FF2DD65DB700C0817B /* Model */ = {
			isa = PBXGroup;
			children = (
				22BAD9012DD65DD900C0817B /* LeagueModel.swift */,
				22A9181D2DDB6DCD0064CE8D /* SportEnum.swift */,
				22D1A8752DDB75C500B10ADB /* ViewProtocol.swift */,
			);
			path = Model;
			sourceTree = "<group>";
		};
		22BAD9032DD65E8700C0817B /* Views */ = {
			isa = PBXGroup;
			children = (
				22BAD8FB2DD65C8000C0817B /* LeaguesViewController.swift */,
				22BAD8FC2DD65C8000C0817B /* LeaguesViewController.xib */,
				22BAD9062DD6670D00C0817B /* LeagueTableViewCell.swift */,
				22BAD9072DD6670D00C0817B /* LeagueTableViewCell.xib */,
			);
			path = Views;
			sourceTree = "<group>";
		};
		22C0F5552DDDCFD70013B1D4 /* Presenter */ = {
			isa = PBXGroup;
			children = (
				22D1A8732DDB759F00B10ADB /* LeaguesPresenter.swift */,
			);
			path = Presenter;
			sourceTree = "<group>";
		};
		22C0F5562DDDD0020013B1D4 /* Presenter */ = {
			isa = PBXGroup;
			children = (
				2253DED92DDCF57400E8B20C /* TeamPresenter.swift */,
				2253DEDB2DDCF6AA00E8B20C /* TeamViewProtocol.swift */,
			);
			path = Presenter;
			sourceTree = "<group>";
		};
		22C0F5572DDDD0160013B1D4 /* Model */ = {
			isa = PBXGroup;
			children = (
				2253DED32DDCF35F00E8B20C /* TeamModel.swift */,
				2253DED52DDCF3EB00E8B20C /* PlayerModel.swift */,
				2253DED72DDCF4F100E8B20C /* TeamResult.swift */,
			);
			path = Model;
			sourceTree = "<group>";
		};
		22C0F5582DDDD0350013B1D4 /* Model */ = {
			isa = PBXGroup;
			children = (
				22CE33012DDE35A600252094 /* FavoriteModel.swift */,
			);
			path = Model;
			sourceTree = "<group>";
		};
		22C0F5592DDDD03E0013B1D4 /* Presenter */ = {
			isa = PBXGroup;
			children = (
				22CE33032DDE62FF00252094 /* FavoritePresenter.swift */,
				22CE33052DDE631700252094 /* FavoriteViewProtocol.swift */,
			);
			path = Presenter;
			sourceTree = "<group>";
		};
		22D1A8772DDC665800B10ADB /* Model */ = {
			isa = PBXGroup;
			children = (
				22D1A8782DDC666D00B10ADB /* MatchModel.swift */,
				2253DECF2DDCD9FA00E8B20C /* StandingModel.swift */,
				2253DED12DDCDBC400E8B20C /* StandingsResult.swift */,
			);
			path = Model;
			sourceTree = "<group>";
		};
		22D1A87A2DDC69E700B10ADB /* Presenter */ = {
			isa = PBXGroup;
			children = (
				22D1A87D2DDC6A5600B10ADB /* LeagueDetailsViewProtocol.swift */,
				22D1A87B2DDC6A0700B10ADB /* LeagueDetailsPresenter.swift */,
			);
			path = Presenter;
			sourceTree = "<group>";
		};
/* End PBXGroup section */

/* Begin PBXNativeTarget section */
		22B0B8852DD3AEED00243611 /* Sport App */ = {
			isa = PBXNativeTarget;
			buildConfigurationList = 22B0B8B32DD3AEEF00243611 /* Build configuration list for PBXNativeTarget "Sport App" */;
			buildPhases = (
				22B0B8822DD3AEED00243611 /* Sources */,
				22B0B8832DD3AEED00243611 /* Frameworks */,
				22B0B8842DD3AEED00243611 /* Resources */,
			);
			buildRules = (
			);
			dependencies = (
			);
			name = "Sport App";
			packageProductDependencies = (
				22284F482DD406D10022D4DD /* Lottie */,
				22284F4A2DD406D10022D4DD /* Lottie-Dynamic */,
				22A918242DDB70FA0064CE8D /* Alamofire */,
				22A918262DDB70FA0064CE8D /* AlamofireDynamic */,
			);
			productName = "Sport App";
			productReference = 22B0B8862DD3AEED00243611 /* Sport App.app */;
			productType = "com.apple.product-type.application";
		};
		22B0B89E2DD3AEEF00243611 /* Sport AppTests */ = {
			isa = PBXNativeTarget;
			buildConfigurationList = 22B0B8B62DD3AEEF00243611 /* Build configuration list for PBXNativeTarget "Sport AppTests" */;
			buildPhases = (
				22B0B89B2DD3AEEF00243611 /* Sources */,
				22B0B89C2DD3AEEF00243611 /* Frameworks */,
				22B0B89D2DD3AEEF00243611 /* Resources */,
			);
			buildRules = (
			);
			dependencies = (
				22B0B8A12DD3AEEF00243611 /* PBXTargetDependency */,
			);
			name = "Sport AppTests";
			productName = "Sport AppTests";
			productReference = 22B0B89F2DD3AEEF00243611 /* Sport AppTests.xctest */;
			productType = "com.apple.product-type.bundle.unit-test";
		};
		22B0B8A82DD3AEEF00243611 /* Sport AppUITests */ = {
			isa = PBXNativeTarget;
			buildConfigurationList = 22B0B8B92DD3AEEF00243611 /* Build configuration list for PBXNativeTarget "Sport AppUITests" */;
			buildPhases = (
				22B0B8A52DD3AEEF00243611 /* Sources */,
				22B0B8A62DD3AEEF00243611 /* Frameworks */,
				22B0B8A72DD3AEEF00243611 /* Resources */,
			);
			buildRules = (
			);
			dependencies = (
				22B0B8AB2DD3AEEF00243611 /* PBXTargetDependency */,
			);
			name = "Sport AppUITests";
			productName = "Sport AppUITests";
			productReference = 22B0B8A92DD3AEEF00243611 /* Sport AppUITests.xctest */;
			productType = "com.apple.product-type.bundle.ui-testing";
		};
/* End PBXNativeTarget section */

/* Begin PBXProject section */
		22B0B87E2DD3AEED00243611 /* Project object */ = {
			isa = PBXProject;
			attributes = {
				BuildIndependentTargetsInParallel = 1;
				LastSwiftUpdateCheck = 1500;
				LastUpgradeCheck = 1500;
				TargetAttributes = {
					22B0B8852DD3AEED00243611 = {
						CreatedOnToolsVersion = 15.0;
					};
					22B0B89E2DD3AEEF00243611 = {
						CreatedOnToolsVersion = 15.0;
						TestTargetID = 22B0B8852DD3AEED00243611;
					};
					22B0B8A82DD3AEEF00243611 = {
						CreatedOnToolsVersion = 15.0;
						TestTargetID = 22B0B8852DD3AEED00243611;
					};
				};
			};
			buildConfigurationList = 22B0B8812DD3AEED00243611 /* Build configuration list for PBXProject "Sport App" */;
			compatibilityVersion = "Xcode 14.0";
			developmentRegion = en;
			hasScannedForEncodings = 0;
			knownRegions = (
				en,
				Base,
			);
			mainGroup = 22B0B87D2DD3AEED00243611;
			packageReferences = (
				22284F442DD404F30022D4DD /* XCRemoteSwiftPackageReference "lottie-ios" */,
				22A918232DDB70680064CE8D /* XCRemoteSwiftPackageReference "Alamofire" */,
			);
			productRefGroup = 22B0B8872DD3AEED00243611 /* Products */;
			projectDirPath = "";
			projectRoot = "";
			targets = (
				22B0B8852DD3AEED00243611 /* Sport App */,
				22B0B89E2DD3AEEF00243611 /* Sport AppTests */,
				22B0B8A82DD3AEEF00243611 /* Sport AppUITests */,
			);
		};
/* End PBXProject section */

/* Begin PBXResourcesBuildPhase section */
		22B0B8842DD3AEED00243611 /* Resources */ = {
			isa = PBXResourcesBuildPhase;
			buildActionMask = 2147483647;
			files = (
				228C58702DDA626C00D7A5D5 /* LeagueDetailsCollectionView.xib in Resources */,
				22999AF22DD777740055A3BA /* HeaderTeamCollectionReusableView.xib in Resources */,
				228C586E2DDA626C00D7A5D5 /* UpcomingMatchCell.xib in Resources */,
				221F3CC22DDA38FB00C9C6E5 /* FavoriteViewController.xib in Resources */,
				22B0B8992DD3AEEE00243611 /* LaunchScreen.storyboard in Resources */,
				22B0B8962DD3AEEE00243611 /* Assets.xcassets in Resources */,
				22284F432DD3F8400022D4DD /* SplashViewController.xib in Resources */,
				221F3CC82DDA3CE800C9C6E5 /* FavoriteTableViewCell.xib in Resources */,
				2224973E2DD5051F00A0408C /* HomeCollectionViewCell.xib in Resources */,
				22999AEE2DD772600055A3BA /* TeamViewController.xib in Resources */,
				228C58722DDA626C00D7A5D5 /* TeamCell.xib in Resources */,
				2273A0BC2DD4D964006E5F7C /* OnboardingViewController.xib in Resources */,
				2224973A2DD5051F00A0408C /* HomeViewController.xib in Resources */,
				22B730662DDA7DBD00C5A5B7 /* splash.json in Resources */,
				22C25FE42DD7B837009B80AE /* TeamCollectionViewCell.xib in Resources */,
				22BAD8FE2DD65C8000C0817B /* LeaguesViewController.xib in Resources */,
				228C58752DDA626C00D7A5D5 /* EventCell.xib in Resources */,
				22BAD9092DD6670D00C0817B /* LeagueTableViewCell.xib in Resources */,
			);
			runOnlyForDeploymentPostprocessing = 0;
		};
		22B0B89D2DD3AEEF00243611 /* Resources */ = {
			isa = PBXResourcesBuildPhase;
			buildActionMask = 2147483647;
			files = (
			);
			runOnlyForDeploymentPostprocessing = 0;
		};
		22B0B8A72DD3AEEF00243611 /* Resources */ = {
			isa = PBXResourcesBuildPhase;
			buildActionMask = 2147483647;
			files = (
			);
			runOnlyForDeploymentPostprocessing = 0;
		};
/* End PBXResourcesBuildPhase section */

/* Begin PBXSourcesBuildPhase section */
		22B0B8822DD3AEED00243611 /* Sources */ = {
			isa = PBXSourcesBuildPhase;
			buildActionMask = 2147483647;
			files = (
				228C58712DDA626C00D7A5D5 /* LeagueDetailsCollectionView.swift in Sources */,
				22CE33022DDE35A600252094 /* FavoriteModel.swift in Sources */,
				22C25FE32DD7B837009B80AE /* TeamCollectionViewCell.swift in Sources */,
				2253DEDC2DDCF6AA00E8B20C /* TeamViewProtocol.swift in Sources */,
				2253DED42DDCF35F00E8B20C /* TeamModel.swift in Sources */,
				22B0B88A2DD3AEED00243611 /* AppDelegate.swift in Sources */,
				22D1A8742DDB759F00B10ADB /* LeaguesPresenter.swift in Sources */,
				22D1A87C2DDC6A0700B10ADB /* LeagueDetailsPresenter.swift in Sources */,
				2253DEDA2DDCF57400E8B20C /* TeamPresenter.swift in Sources */,
				22D1A8762DDB75C500B10ADB /* ViewProtocol.swift in Sources */,
				22CE33042DDE62FF00252094 /* FavoritePresenter.swift in Sources */,
				228C58732DDA626C00D7A5D5 /* TeamCell.swift in Sources */,
				22D1A87E2DDC6A5600B10ADB /* LeagueDetailsViewProtocol.swift in Sources */,
				221F3CC72DDA3CE800C9C6E5 /* FavoriteTableViewCell.swift in Sources */,
				22D1A8792DDC666D00B10ADB /* MatchModel.swift in Sources */,
				2224973D2DD5051F00A0408C /* CarouselCell.swift in Sources */,
				2253DED62DDCF3EB00E8B20C /* PlayerModel.swift in Sources */,
				2253DED82DDCF4F100E8B20C /* TeamResult.swift in Sources */,
				221F3CC12DDA38FB00C9C6E5 /* FavoriteViewController.swift in Sources */,
				22284F422DD3F8400022D4DD /* SplashViewController.swift in Sources */,
				22999AED2DD772600055A3BA /* TeamViewController.swift in Sources */,
				2273A0BB2DD4D964006E5F7C /* OnboardingViewController.swift in Sources */,
				228C586F2DDA626C00D7A5D5 /* UpcomingMatchCell.swift in Sources */,
				2273A0BE2DD4E00B006E5F7C /* UIColor.swift in Sources */,
				22A918222DDB6F5B0064CE8D /* NetworkManager.swift in Sources */,
				22CE33062DDE631700252094 /* FavoriteViewProtocol.swift in Sources */,
				2224973B2DD5051F00A0408C /* HomeViewController.swift in Sources */,
				22B0B8942DD3AEED00243611 /* Sport_App.xcdatamodeld in Sources */,
				22B0B88C2DD3AEED00243611 /* SceneDelegate.swift in Sources */,
				22CE33082DDE6DE600252094 /* CheckInternet.swift in Sources */,
				2253DED02DDCD9FA00E8B20C /* StandingModel.swift in Sources */,
				2224973C2DD5051F00A0408C /* HeaderCollectionReusableView.swift in Sources */,
				22999AF12DD777740055A3BA /* HeaderTeamCollectionReusableView.swift in Sources */,
				222497392DD5051F00A0408C /* HomeCollectionViewCell.swift in Sources */,
				22BAD8FD2DD65C8000C0817B /* LeaguesViewController.swift in Sources */,
				2253DED22DDCDBC400E8B20C /* StandingsResult.swift in Sources */,
				228C58742DDA626C00D7A5D5 /* EventCell.swift in Sources */,
				22BAD9082DD6670D00C0817B /* LeagueTableViewCell.swift in Sources */,
				22BAD9022DD65DD900C0817B /* LeagueModel.swift in Sources */,
				22A9181E2DDB6DCD0064CE8D /* SportEnum.swift in Sources */,
			);
			runOnlyForDeploymentPostprocessing = 0;
		};
		22B0B89B2DD3AEEF00243611 /* Sources */ = {
			isa = PBXSourcesBuildPhase;
			buildActionMask = 2147483647;
			files = (
				22B0B8A42DD3AEEF00243611 /* Sport_AppTests.swift in Sources */,
			);
			runOnlyForDeploymentPostprocessing = 0;
		};
		22B0B8A52DD3AEEF00243611 /* Sources */ = {
			isa = PBXSourcesBuildPhase;
			buildActionMask = 2147483647;
			files = (
				22B0B8AE2DD3AEEF00243611 /* Sport_AppUITests.swift in Sources */,
				22B0B8B02DD3AEEF00243611 /* Sport_AppUITestsLaunchTests.swift in Sources */,
			);
			runOnlyForDeploymentPostprocessing = 0;
		};
/* End PBXSourcesBuildPhase section */

/* Begin PBXTargetDependency section */
		22B0B8A12DD3AEEF00243611 /* PBXTargetDependency */ = {
			isa = PBXTargetDependency;
			target = 22B0B8852DD3AEED00243611 /* Sport App */;
			targetProxy = 22B0B8A02DD3AEEF00243611 /* PBXContainerItemProxy */;
		};
		22B0B8AB2DD3AEEF00243611 /* PBXTargetDependency */ = {
			isa = PBXTargetDependency;
			target = 22B0B8852DD3AEED00243611 /* Sport App */;
			targetProxy = 22B0B8AA2DD3AEEF00243611 /* PBXContainerItemProxy */;
		};
/* End PBXTargetDependency section */

/* Begin PBXVariantGroup section */
		22B0B8972DD3AEEE00243611 /* LaunchScreen.storyboard */ = {
			isa = PBXVariantGroup;
			children = (
				22B0B8982DD3AEEE00243611 /* Base */,
			);
			name = LaunchScreen.storyboard;
			sourceTree = "<group>";
		};
/* End PBXVariantGroup section */

/* Begin XCBuildConfiguration section */
		22B0B8B12DD3AEEF00243611 /* Debug */ = {
			isa = XCBuildConfiguration;
			buildSettings = {
				ALWAYS_SEARCH_USER_PATHS = NO;
				ASSETCATALOG_COMPILER_GENERATE_SWIFT_ASSET_SYMBOL_EXTENSIONS = YES;
				CLANG_ANALYZER_NONNULL = YES;
				CLANG_ANALYZER_NUMBER_OBJECT_CONVERSION = YES_AGGRESSIVE;
				CLANG_CXX_LANGUAGE_STANDARD = "gnu++20";
				CLANG_ENABLE_MODULES = YES;
				CLANG_ENABLE_OBJC_ARC = YES;
				CLANG_ENABLE_OBJC_WEAK = YES;
				CLANG_WARN_BLOCK_CAPTURE_AUTORELEASING = YES;
				CLANG_WARN_BOOL_CONVERSION = YES;
				CLANG_WARN_COMMA = YES;
				CLANG_WARN_CONSTANT_CONVERSION = YES;
				CLANG_WARN_DEPRECATED_OBJC_IMPLEMENTATIONS = YES;
				CLANG_WARN_DIRECT_OBJC_ISA_USAGE = YES_ERROR;
				CLANG_WARN_DOCUMENTATION_COMMENTS = YES;
				CLANG_WARN_EMPTY_BODY = YES;
				CLANG_WARN_ENUM_CONVERSION = YES;
				CLANG_WARN_INFINITE_RECURSION = YES;
				CLANG_WARN_INT_CONVERSION = YES;
				CLANG_WARN_NON_LITERAL_NULL_CONVERSION = YES;
				CLANG_WARN_OBJC_IMPLICIT_RETAIN_SELF = YES;
				CLANG_WARN_OBJC_LITERAL_CONVERSION = YES;
				CLANG_WARN_OBJC_ROOT_CLASS = YES_ERROR;
				CLANG_WARN_QUOTED_INCLUDE_IN_FRAMEWORK_HEADER = YES;
				CLANG_WARN_RANGE_LOOP_ANALYSIS = YES;
				CLANG_WARN_STRICT_PROTOTYPES = YES;
				CLANG_WARN_SUSPICIOUS_MOVE = YES;
				CLANG_WARN_UNGUARDED_AVAILABILITY = YES_AGGRESSIVE;
				CLANG_WARN_UNREACHABLE_CODE = YES;
				CLANG_WARN__DUPLICATE_METHOD_MATCH = YES;
				COPY_PHASE_STRIP = NO;
				DEBUG_INFORMATION_FORMAT = dwarf;
				ENABLE_STRICT_OBJC_MSGSEND = YES;
				ENABLE_TESTABILITY = YES;
				ENABLE_USER_SCRIPT_SANDBOXING = YES;
				GCC_C_LANGUAGE_STANDARD = gnu17;
				GCC_DYNAMIC_NO_PIC = NO;
				GCC_NO_COMMON_BLOCKS = YES;
				GCC_OPTIMIZATION_LEVEL = 0;
				GCC_PREPROCESSOR_DEFINITIONS = (
					"DEBUG=1",
					"$(inherited)",
				);
				GCC_WARN_64_TO_32_BIT_CONVERSION = YES;
				GCC_WARN_ABOUT_RETURN_TYPE = YES_ERROR;
				GCC_WARN_UNDECLARED_SELECTOR = YES;
				GCC_WARN_UNINITIALIZED_AUTOS = YES_AGGRESSIVE;
				GCC_WARN_UNUSED_FUNCTION = YES;
				GCC_WARN_UNUSED_VARIABLE = YES;
				IPHONEOS_DEPLOYMENT_TARGET = 17.0;
				LOCALIZATION_PREFERS_STRING_CATALOGS = YES;
				MTL_ENABLE_DEBUG_INFO = INCLUDE_SOURCE;
				MTL_FAST_MATH = YES;
				ONLY_ACTIVE_ARCH = YES;
				SDKROOT = iphoneos;
				SWIFT_ACTIVE_COMPILATION_CONDITIONS = "DEBUG $(inherited)";
				SWIFT_OPTIMIZATION_LEVEL = "-Onone";
			};
			name = Debug;
		};
		22B0B8B22DD3AEEF00243611 /* Release */ = {
			isa = XCBuildConfiguration;
			buildSettings = {
				ALWAYS_SEARCH_USER_PATHS = NO;
				ASSETCATALOG_COMPILER_GENERATE_SWIFT_ASSET_SYMBOL_EXTENSIONS = YES;
				CLANG_ANALYZER_NONNULL = YES;
				CLANG_ANALYZER_NUMBER_OBJECT_CONVERSION = YES_AGGRESSIVE;
				CLANG_CXX_LANGUAGE_STANDARD = "gnu++20";
				CLANG_ENABLE_MODULES = YES;
				CLANG_ENABLE_OBJC_ARC = YES;
				CLANG_ENABLE_OBJC_WEAK = YES;
				CLANG_WARN_BLOCK_CAPTURE_AUTORELEASING = YES;
				CLANG_WARN_BOOL_CONVERSION = YES;
				CLANG_WARN_COMMA = YES;
				CLANG_WARN_CONSTANT_CONVERSION = YES;
				CLANG_WARN_DEPRECATED_OBJC_IMPLEMENTATIONS = YES;
				CLANG_WARN_DIRECT_OBJC_ISA_USAGE = YES_ERROR;
				CLANG_WARN_DOCUMENTATION_COMMENTS = YES;
				CLANG_WARN_EMPTY_BODY = YES;
				CLANG_WARN_ENUM_CONVERSION = YES;
				CLANG_WARN_INFINITE_RECURSION = YES;
				CLANG_WARN_INT_CONVERSION = YES;
				CLANG_WARN_NON_LITERAL_NULL_CONVERSION = YES;
				CLANG_WARN_OBJC_IMPLICIT_RETAIN_SELF = YES;
				CLANG_WARN_OBJC_LITERAL_CONVERSION = YES;
				CLANG_WARN_OBJC_ROOT_CLASS = YES_ERROR;
				CLANG_WARN_QUOTED_INCLUDE_IN_FRAMEWORK_HEADER = YES;
				CLANG_WARN_RANGE_LOOP_ANALYSIS = YES;
				CLANG_WARN_STRICT_PROTOTYPES = YES;
				CLANG_WARN_SUSPICIOUS_MOVE = YES;
				CLANG_WARN_UNGUARDED_AVAILABILITY = YES_AGGRESSIVE;
				CLANG_WARN_UNREACHABLE_CODE = YES;
				CLANG_WARN__DUPLICATE_METHOD_MATCH = YES;
				COPY_PHASE_STRIP = NO;
				DEBUG_INFORMATION_FORMAT = "dwarf-with-dsym";
				ENABLE_NS_ASSERTIONS = NO;
				ENABLE_STRICT_OBJC_MSGSEND = YES;
				ENABLE_USER_SCRIPT_SANDBOXING = YES;
				GCC_C_LANGUAGE_STANDARD = gnu17;
				GCC_NO_COMMON_BLOCKS = YES;
				GCC_WARN_64_TO_32_BIT_CONVERSION = YES;
				GCC_WARN_ABOUT_RETURN_TYPE = YES_ERROR;
				GCC_WARN_UNDECLARED_SELECTOR = YES;
				GCC_WARN_UNINITIALIZED_AUTOS = YES_AGGRESSIVE;
				GCC_WARN_UNUSED_FUNCTION = YES;
				GCC_WARN_UNUSED_VARIABLE = YES;
				IPHONEOS_DEPLOYMENT_TARGET = 17.0;
				LOCALIZATION_PREFERS_STRING_CATALOGS = YES;
				MTL_ENABLE_DEBUG_INFO = NO;
				MTL_FAST_MATH = YES;
				SDKROOT = iphoneos;
				SWIFT_COMPILATION_MODE = wholemodule;
				VALIDATE_PRODUCT = YES;
			};
			name = Release;
		};
		22B0B8B42DD3AEEF00243611 /* Debug */ = {
			isa = XCBuildConfiguration;
			buildSettings = {
				ASSETCATALOG_COMPILER_APPICON_NAME = AppIcon;
				ASSETCATALOG_COMPILER_GLOBAL_ACCENT_COLOR_NAME = AccentColor;
				CODE_SIGN_STYLE = Automatic;
				CURRENT_PROJECT_VERSION = 1;
				GENERATE_INFOPLIST_FILE = YES;
				INFOPLIST_FILE = "Sport App/Info.plist";
				INFOPLIST_KEY_UIApplicationSupportsIndirectInputEvents = YES;
				INFOPLIST_KEY_UILaunchStoryboardName = LaunchScreen;
				INFOPLIST_KEY_UISupportedInterfaceOrientations_iPad = "UIInterfaceOrientationPortrait UIInterfaceOrientationPortraitUpsideDown UIInterfaceOrientationLandscapeLeft UIInterfaceOrientationLandscapeRight";
				INFOPLIST_KEY_UISupportedInterfaceOrientations_iPhone = "UIInterfaceOrientationPortrait UIInterfaceOrientationLandscapeLeft UIInterfaceOrientationLandscapeRight";
				LD_RUNPATH_SEARCH_PATHS = (
					"$(inherited)",
					"@executable_path/Frameworks",
				);
				MARKETING_VERSION = 1.0;
				PRODUCT_BUNDLE_IDENTIFIER = "iti.Sport-App";
				PRODUCT_NAME = "$(TARGET_NAME)";
				SWIFT_EMIT_LOC_STRINGS = YES;
				SWIFT_VERSION = 5.0;
				TARGETED_DEVICE_FAMILY = "1,2";
			};
			name = Debug;
		};
		22B0B8B52DD3AEEF00243611 /* Release */ = {
			isa = XCBuildConfiguration;
			buildSettings = {
				ASSETCATALOG_COMPILER_APPICON_NAME = AppIcon;
				ASSETCATALOG_COMPILER_GLOBAL_ACCENT_COLOR_NAME = AccentColor;
				CODE_SIGN_STYLE = Automatic;
				CURRENT_PROJECT_VERSION = 1;
				GENERATE_INFOPLIST_FILE = YES;
				INFOPLIST_FILE = "Sport App/Info.plist";
				INFOPLIST_KEY_UIApplicationSupportsIndirectInputEvents = YES;
				INFOPLIST_KEY_UILaunchStoryboardName = LaunchScreen;
				INFOPLIST_KEY_UISupportedInterfaceOrientations_iPad = "UIInterfaceOrientationPortrait UIInterfaceOrientationPortraitUpsideDown UIInterfaceOrientationLandscapeLeft UIInterfaceOrientationLandscapeRight";
				INFOPLIST_KEY_UISupportedInterfaceOrientations_iPhone = "UIInterfaceOrientationPortrait UIInterfaceOrientationLandscapeLeft UIInterfaceOrientationLandscapeRight";
				LD_RUNPATH_SEARCH_PATHS = (
					"$(inherited)",
					"@executable_path/Frameworks",
				);
				MARKETING_VERSION = 1.0;
				PRODUCT_BUNDLE_IDENTIFIER = "iti.Sport-App";
				PRODUCT_NAME = "$(TARGET_NAME)";
				SWIFT_EMIT_LOC_STRINGS = YES;
				SWIFT_VERSION = 5.0;
				TARGETED_DEVICE_FAMILY = "1,2";
			};
			name = Release;
		};
		22B0B8B72DD3AEEF00243611 /* Debug */ = {
			isa = XCBuildConfiguration;
			buildSettings = {
				ALWAYS_EMBED_SWIFT_STANDARD_LIBRARIES = YES;
				BUNDLE_LOADER = "$(TEST_HOST)";
				CODE_SIGN_STYLE = Automatic;
				CURRENT_PROJECT_VERSION = 1;
				GENERATE_INFOPLIST_FILE = YES;
				IPHONEOS_DEPLOYMENT_TARGET = 17.0;
				MARKETING_VERSION = 1.0;
				PRODUCT_BUNDLE_IDENTIFIER = "iti.Sport-AppTests";
				PRODUCT_NAME = "$(TARGET_NAME)";
				SWIFT_EMIT_LOC_STRINGS = NO;
				SWIFT_VERSION = 5.0;
				TARGETED_DEVICE_FAMILY = "1,2";
				TEST_HOST = "$(BUILT_PRODUCTS_DIR)/Sport App.app/$(BUNDLE_EXECUTABLE_FOLDER_PATH)/Sport App";
			};
			name = Debug;
		};
		22B0B8B82DD3AEEF00243611 /* Release */ = {
			isa = XCBuildConfiguration;
			buildSettings = {
				ALWAYS_EMBED_SWIFT_STANDARD_LIBRARIES = YES;
				BUNDLE_LOADER = "$(TEST_HOST)";
				CODE_SIGN_STYLE = Automatic;
				CURRENT_PROJECT_VERSION = 1;
				GENERATE_INFOPLIST_FILE = YES;
				IPHONEOS_DEPLOYMENT_TARGET = 17.0;
				MARKETING_VERSION = 1.0;
				PRODUCT_BUNDLE_IDENTIFIER = "iti.Sport-AppTests";
				PRODUCT_NAME = "$(TARGET_NAME)";
				SWIFT_EMIT_LOC_STRINGS = NO;
				SWIFT_VERSION = 5.0;
				TARGETED_DEVICE_FAMILY = "1,2";
				TEST_HOST = "$(BUILT_PRODUCTS_DIR)/Sport App.app/$(BUNDLE_EXECUTABLE_FOLDER_PATH)/Sport App";
			};
			name = Release;
		};
		22B0B8BA2DD3AEEF00243611 /* Debug */ = {
			isa = XCBuildConfiguration;
			buildSettings = {
				ALWAYS_EMBED_SWIFT_STANDARD_LIBRARIES = YES;
				CODE_SIGN_STYLE = Automatic;
				CURRENT_PROJECT_VERSION = 1;
				GENERATE_INFOPLIST_FILE = YES;
				MARKETING_VERSION = 1.0;
				PRODUCT_BUNDLE_IDENTIFIER = "iti.Sport-AppUITests";
				PRODUCT_NAME = "$(TARGET_NAME)";
				SWIFT_EMIT_LOC_STRINGS = NO;
				SWIFT_VERSION = 5.0;
				TARGETED_DEVICE_FAMILY = "1,2";
				TEST_TARGET_NAME = "Sport App";
			};
			name = Debug;
		};
		22B0B8BB2DD3AEEF00243611 /* Release */ = {
			isa = XCBuildConfiguration;
			buildSettings = {
				ALWAYS_EMBED_SWIFT_STANDARD_LIBRARIES = YES;
				CODE_SIGN_STYLE = Automatic;
				CURRENT_PROJECT_VERSION = 1;
				GENERATE_INFOPLIST_FILE = YES;
				MARKETING_VERSION = 1.0;
				PRODUCT_BUNDLE_IDENTIFIER = "iti.Sport-AppUITests";
				PRODUCT_NAME = "$(TARGET_NAME)";
				SWIFT_EMIT_LOC_STRINGS = NO;
				SWIFT_VERSION = 5.0;
				TARGETED_DEVICE_FAMILY = "1,2";
				TEST_TARGET_NAME = "Sport App";
			};
			name = Release;
		};
/* End XCBuildConfiguration section */

/* Begin XCConfigurationList section */
		22B0B8812DD3AEED00243611 /* Build configuration list for PBXProject "Sport App" */ = {
			isa = XCConfigurationList;
			buildConfigurations = (
				22B0B8B12DD3AEEF00243611 /* Debug */,
				22B0B8B22DD3AEEF00243611 /* Release */,
			);
			defaultConfigurationIsVisible = 0;
			defaultConfigurationName = Release;
		};
		22B0B8B32DD3AEEF00243611 /* Build configuration list for PBXNativeTarget "Sport App" */ = {
			isa = XCConfigurationList;
			buildConfigurations = (
				22B0B8B42DD3AEEF00243611 /* Debug */,
				22B0B8B52DD3AEEF00243611 /* Release */,
			);
			defaultConfigurationIsVisible = 0;
			defaultConfigurationName = Release;
		};
		22B0B8B62DD3AEEF00243611 /* Build configuration list for PBXNativeTarget "Sport AppTests" */ = {
			isa = XCConfigurationList;
			buildConfigurations = (
				22B0B8B72DD3AEEF00243611 /* Debug */,
				22B0B8B82DD3AEEF00243611 /* Release */,
			);
			defaultConfigurationIsVisible = 0;
			defaultConfigurationName = Release;
		};
		22B0B8B92DD3AEEF00243611 /* Build configuration list for PBXNativeTarget "Sport AppUITests" */ = {
			isa = XCConfigurationList;
			buildConfigurations = (
				22B0B8BA2DD3AEEF00243611 /* Debug */,
				22B0B8BB2DD3AEEF00243611 /* Release */,
			);
			defaultConfigurationIsVisible = 0;
			defaultConfigurationName = Release;
		};
/* End XCConfigurationList section */

/* Begin XCRemoteSwiftPackageReference section */
		22284F442DD404F30022D4DD /* XCRemoteSwiftPackageReference "lottie-ios" */ = {
			isa = XCRemoteSwiftPackageReference;
			repositoryURL = "https://github.com/airbnb/lottie-ios";
			requirement = {
				kind = upToNextMajorVersion;
				minimumVersion = 4.5.1;
			};
		};
		22A918232DDB70680064CE8D /* XCRemoteSwiftPackageReference "Alamofire" */ = {
			isa = XCRemoteSwiftPackageReference;
			repositoryURL = "https://github.com/Alamofire/Alamofire.git";
			requirement = {
				kind = upToNextMajorVersion;
				minimumVersion = 5.10.2;
			};
		};
/* End XCRemoteSwiftPackageReference section */

/* Begin XCSwiftPackageProductDependency section */
		22284F482DD406D10022D4DD /* Lottie */ = {
			isa = XCSwiftPackageProductDependency;
			package = 22284F442DD404F30022D4DD /* XCRemoteSwiftPackageReference "lottie-ios" */;
			productName = Lottie;
		};
		22284F4A2DD406D10022D4DD /* Lottie-Dynamic */ = {
			isa = XCSwiftPackageProductDependency;
			package = 22284F442DD404F30022D4DD /* XCRemoteSwiftPackageReference "lottie-ios" */;
			productName = "Lottie-Dynamic";
		};
		22A918242DDB70FA0064CE8D /* Alamofire */ = {
			isa = XCSwiftPackageProductDependency;
			package = 22A918232DDB70680064CE8D /* XCRemoteSwiftPackageReference "Alamofire" */;
			productName = Alamofire;
		};
		22A918262DDB70FA0064CE8D /* AlamofireDynamic */ = {
			isa = XCSwiftPackageProductDependency;
			package = 22A918232DDB70680064CE8D /* XCRemoteSwiftPackageReference "Alamofire" */;
			productName = AlamofireDynamic;
		};
/* End XCSwiftPackageProductDependency section */

/* Begin XCVersionGroup section */
		22B0B8922DD3AEED00243611 /* Sport_App.xcdatamodeld */ = {
			isa = XCVersionGroup;
			children = (
				22B0B8932DD3AEED00243611 /* Sport_App.xcdatamodel */,
			);
			currentVersion = 22B0B8932DD3AEED00243611 /* Sport_App.xcdatamodel */;
			path = Sport_App.xcdatamodeld;
			sourceTree = "<group>";
			versionGroupType = wrapper.xcdatamodel;
		};
/* End XCVersionGroup section */
	};
	rootObject = 22B0B87E2DD3AEED00243611 /* Project object */;
}
