// !$*UTF8*$!
{
	archiveVersion = 1;
	classes = {
	};
	objectVersion = 56;
	objects = {

/* Begin PBXBuildFile section */
		222497392DD5051F00A0408C /* HomeCollectionViewCell.swift in Sources */ = {isa = PBXBuildFile; fileRef = 222497332DD5051F00A0408C /* HomeCollectionViewCell.swift */; };
		2224973A2DD5051F00A0408C /* HomeViewController.xib in Resources */ = {isa = PBXBuildFile; fileRef = 222497342DD5051F00A0408C /* HomeViewController.xib */; };
		2224973B2DD5051F00A0408C /* HomeViewController.swift in Sources */ = {isa = PBXBuildFile; fileRef = 222497352DD5051F00A0408C /* HomeViewController.swift */; };
		2224973C2DD5051F00A0408C /* HeaderCollectionReusableView.swift in Sources */ = {isa = PBXBuildFile; fileRef = 222497362DD5051F00A0408C /* HeaderCollectionReusableView.swift */; };
		2224973D2DD5051F00A0408C /* CarouselCell.swift in Sources */ = {isa = PBXBuildFile; fileRef = 222497372DD5051F00A0408C /* CarouselCell.swift */; };
		2224973E2DD5051F00A0408C /* HomeCollectionViewCell.xib in Resources */ = {isa = PBXBuildFile; fileRef = 222497382DD5051F00A0408C /* HomeCollectionViewCell.xib */; };
		22284F422DD3F8400022D4DD /* SplashViewController.swift in Sources */ = {isa = PBXBuildFile; fileRef = 22284F402DD3F8400022D4DD /* SplashViewController.swift */; };
		22284F432DD3F8400022D4DD /* SplashViewController.xib in Resources */ = {isa = PBXBuildFile; fileRef = 22284F412DD3F8400022D4DD /* SplashViewController.xib */; };
		22284F492DD406D10022D4DD /* Lottie in Frameworks */ = {isa = PBXBuildFile; productRef = 22284F482DD406D10022D4DD /* Lottie */; };
		22284F4B2DD406D10022D4DD /* Lottie-Dynamic in Frameworks */ = {isa = PBXBuildFile; productRef = 22284F4A2DD406D10022D4DD /* Lottie-Dynamic */; };
		223D0EF32DD65ACB00447C83 /* UpcomingMatchCell.swift in Sources */ = {isa = PBXBuildFile; fileRef = 223D0EF12DD65ACB00447C83 /* UpcomingMatchCell.swift */; };
		223D0EF42DD65ACB00447C83 /* UpcomingMatchCell.xib in Resources */ = {isa = PBXBuildFile; fileRef = 223D0EF22DD65ACB00447C83 /* UpcomingMatchCell.xib */; };
		223D0EF72DD65AE600447C83 /* TeamCell.swift in Sources */ = {isa = PBXBuildFile; fileRef = 223D0EF52DD65AE600447C83 /* TeamCell.swift */; };
		223D0EF82DD65AE600447C83 /* TeamCell.xib in Resources */ = {isa = PBXBuildFile; fileRef = 223D0EF62DD65AE600447C83 /* TeamCell.xib */; };
		223D0EFD2DD65BA500447C83 /* EventCell.swift in Sources */ = {isa = PBXBuildFile; fileRef = 223D0EFB2DD65BA500447C83 /* EventCell.swift */; };
		223D0EFE2DD65BA500447C83 /* EventCell.xib in Resources */ = {isa = PBXBuildFile; fileRef = 223D0EFC2DD65BA500447C83 /* EventCell.xib */; };
		223D0F052DD6642C00447C83 /* LeagueDetailsCollectionView.swift in Sources */ = {isa = PBXBuildFile; fileRef = 223D0F032DD6642C00447C83 /* LeagueDetailsCollectionView.swift */; };
		223D0F062DD6642C00447C83 /* LeagueDetailsCollectionView.xib in Resources */ = {isa = PBXBuildFile; fileRef = 223D0F042DD6642C00447C83 /* LeagueDetailsCollectionView.xib */; };
		2273A0B02DD4D69A006E5F7C /* splash.json in Resources */ = {isa = PBXBuildFile; fileRef = 2273A0AF2DD4D69A006E5F7C /* splash.json */; };
		2273A0BB2DD4D964006E5F7C /* OnboardingViewController.swift in Sources */ = {isa = PBXBuildFile; fileRef = 2273A0B92DD4D963006E5F7C /* OnboardingViewController.swift */; };
		2273A0BC2DD4D964006E5F7C /* OnboardingViewController.xib in Resources */ = {isa = PBXBuildFile; fileRef = 2273A0BA2DD4D963006E5F7C /* OnboardingViewController.xib */; };
		2273A0BE2DD4E00B006E5F7C /* UIColor.swift in Sources */ = {isa = PBXBuildFile; fileRef = 2273A0BD2DD4E00B006E5F7C /* UIColor.swift */; };
		22B0B88A2DD3AEED00243611 /* AppDelegate.swift in Sources */ = {isa = PBXBuildFile; fileRef = 22B0B8892DD3AEED00243611 /* AppDelegate.swift */; };
		22B0B88C2DD3AEED00243611 /* SceneDelegate.swift in Sources */ = {isa = PBXBuildFile; fileRef = 22B0B88B2DD3AEED00243611 /* SceneDelegate.swift */; };
		22B0B88E2DD3AEED00243611 /* ViewController.swift in Sources */ = {isa = PBXBuildFile; fileRef = 22B0B88D2DD3AEED00243611 /* ViewController.swift */; };
		22B0B8942DD3AEED00243611 /* Sport_App.xcdatamodeld in Sources */ = {isa = PBXBuildFile; fileRef = 22B0B8922DD3AEED00243611 /* Sport_App.xcdatamodeld */; };
		22B0B8962DD3AEEE00243611 /* Assets.xcassets in Resources */ = {isa = PBXBuildFile; fileRef = 22B0B8952DD3AEEE00243611 /* Assets.xcassets */; };
		22B0B8992DD3AEEE00243611 /* LaunchScreen.storyboard in Resources */ = {isa = PBXBuildFile; fileRef = 22B0B8972DD3AEEE00243611 /* LaunchScreen.storyboard */; };
		22B0B8A42DD3AEEF00243611 /* Sport_AppTests.swift in Sources */ = {isa = PBXBuildFile; fileRef = 22B0B8A32DD3AEEF00243611 /* Sport_AppTests.swift */; };
		22B0B8AE2DD3AEEF00243611 /* Sport_AppUITests.swift in Sources */ = {isa = PBXBuildFile; fileRef = 22B0B8AD2DD3AEEF00243611 /* Sport_AppUITests.swift */; };
		22B0B8B02DD3AEEF00243611 /* Sport_AppUITestsLaunchTests.swift in Sources */ = {isa = PBXBuildFile; fileRef = 22B0B8AF2DD3AEEF00243611 /* Sport_AppUITestsLaunchTests.swift */; };
/* End PBXBuildFile section */

/* Begin PBXContainerItemProxy section */
		22B0B8A02DD3AEEF00243611 /* PBXContainerItemProxy */ = {
			isa = PBXContainerItemProxy;
			containerPortal = 22B0B87E2DD3AEED00243611 /* Project object */;
			proxyType = 1;
			remoteGlobalIDString = 22B0B8852DD3AEED00243611;
			remoteInfo = "Sport App";
		};
		22B0B8AA2DD3AEEF00243611 /* PBXContainerItemProxy */ = {
			isa = PBXContainerItemProxy;
			containerPortal = 22B0B87E2DD3AEED00243611 /* Project object */;
			proxyType = 1;
			remoteGlobalIDString = 22B0B8852DD3AEED00243611;
			remoteInfo = "Sport App";
		};
/* End PBXContainerItemProxy section */

/* Begin PBXFileReference section */
		222497332DD5051F00A0408C /* HomeCollectionViewCell.swift */ = {isa = PBXFileReference; fileEncoding = 4; lastKnownFileType = sourcecode.swift; path = HomeCollectionViewCell.swift; sourceTree = "<group>"; };
		222497342DD5051F00A0408C /* HomeViewController.xib */ = {isa = PBXFileReference; fileEncoding = 4; lastKnownFileType = file.xib; path = HomeViewController.xib; sourceTree = "<group>"; };
		222497352DD5051F00A0408C /* HomeViewController.swift */ = {isa = PBXFileReference; fileEncoding = 4; lastKnownFileType = sourcecode.swift; path = HomeViewController.swift; sourceTree = "<group>"; };
		222497362DD5051F00A0408C /* HeaderCollectionReusableView.swift */ = {isa = PBXFileReference; fileEncoding = 4; lastKnownFileType = sourcecode.swift; path = HeaderCollectionReusableView.swift; sourceTree = "<group>"; };
		222497372DD5051F00A0408C /* CarouselCell.swift */ = {isa = PBXFileReference; fileEncoding = 4; lastKnownFileType = sourcecode.swift; path = CarouselCell.swift; sourceTree = "<group>"; };
		222497382DD5051F00A0408C /* HomeCollectionViewCell.xib */ = {isa = PBXFileReference; fileEncoding = 4; lastKnownFileType = file.xib; path = HomeCollectionViewCell.xib; sourceTree = "<group>"; };
		22284F402DD3F8400022D4DD /* SplashViewController.swift */ = {isa = PBXFileReference; lastKnownFileType = sourcecode.swift; path = SplashViewController.swift; sourceTree = "<group>"; };
		22284F412DD3F8400022D4DD /* SplashViewController.xib */ = {isa = PBXFileReference; lastKnownFileType = file.xib; path = SplashViewController.xib; sourceTree = "<group>"; };
		223D0EF12DD65ACB00447C83 /* UpcomingMatchCell.swift */ = {isa = PBXFileReference; lastKnownFileType = sourcecode.swift; path = UpcomingMatchCell.swift; sourceTree = "<group>"; };
		223D0EF22DD65ACB00447C83 /* UpcomingMatchCell.xib */ = {isa = PBXFileReference; lastKnownFileType = file.xib; path = UpcomingMatchCell.xib; sourceTree = "<group>"; };
		223D0EF52DD65AE600447C83 /* TeamCell.swift */ = {isa = PBXFileReference; lastKnownFileType = sourcecode.swift; path = TeamCell.swift; sourceTree = "<group>"; };
		223D0EF62DD65AE600447C83 /* TeamCell.xib */ = {isa = PBXFileReference; lastKnownFileType = file.xib; path = TeamCell.xib; sourceTree = "<group>"; };
		223D0EFB2DD65BA500447C83 /* EventCell.swift */ = {isa = PBXFileReference; lastKnownFileType = sourcecode.swift; path = EventCell.swift; sourceTree = "<group>"; };
		223D0EFC2DD65BA500447C83 /* EventCell.xib */ = {isa = PBXFileReference; lastKnownFileType = file.xib; path = EventCell.xib; sourceTree = "<group>"; };
		223D0F032DD6642C00447C83 /* LeagueDetailsCollectionView.swift */ = {isa = PBXFileReference; lastKnownFileType = sourcecode.swift; path = LeagueDetailsCollectionView.swift; sourceTree = "<group>"; };
		223D0F042DD6642C00447C83 /* LeagueDetailsCollectionView.xib */ = {isa = PBXFileReference; lastKnownFileType = file.xib; path = LeagueDetailsCollectionView.xib; sourceTree = "<group>"; };
		2273A0AF2DD4D69A006E5F7C /* splash.json */ = {isa = PBXFileReference; fileEncoding = 4; lastKnownFileType = text.json; name = splash.json; path = ../../../Downloads/splash.json; sourceTree = "<group>"; };
		2273A0B92DD4D963006E5F7C /* OnboardingViewController.swift */ = {isa = PBXFileReference; lastKnownFileType = sourcecode.swift; path = OnboardingViewController.swift; sourceTree = "<group>"; };
		2273A0BA2DD4D963006E5F7C /* OnboardingViewController.xib */ = {isa = PBXFileReference; lastKnownFileType = file.xib; path = OnboardingViewController.xib; sourceTree = "<group>"; };
		2273A0BD2DD4E00B006E5F7C /* UIColor.swift */ = {isa = PBXFileReference; lastKnownFileType = sourcecode.swift; path = UIColor.swift; sourceTree = "<group>"; };
		22B0B8862DD3AEED00243611 /* Sport App.app */ = {isa = PBXFileReference; explicitFileType = wrapper.application; includeInIndex = 0; path = "Sport App.app"; sourceTree = BUILT_PRODUCTS_DIR; };
		22B0B8892DD3AEED00243611 /* AppDelegate.swift */ = {isa = PBXFileReference; lastKnownFileType = sourcecode.swift; path = AppDelegate.swift; sourceTree = "<group>"; };
		22B0B88B2DD3AEED00243611 /* SceneDelegate.swift */ = {isa = PBXFileReference; lastKnownFileType = sourcecode.swift; path = SceneDelegate.swift; sourceTree = "<group>"; };
		22B0B88D2DD3AEED00243611 /* ViewController.swift */ = {isa = PBXFileReference; lastKnownFileType = sourcecode.swift; path = ViewController.swift; sourceTree = "<group>"; };
		22B0B8932DD3AEED00243611 /* Sport_App.xcdatamodel */ = {isa = PBXFileReference; lastKnownFileType = wrapper.xcdatamodel; path = Sport_App.xcdatamodel; sourceTree = "<group>"; };
		22B0B8952DD3AEEE00243611 /* Assets.xcassets */ = {isa = PBXFileReference; lastKnownFileType = folder.assetcatalog; path = Assets.xcassets; sourceTree = "<group>"; };
		22B0B8982DD3AEEE00243611 /* Base */ = {isa = PBXFileReference; lastKnownFileType = file.storyboard; name = Base; path = Base.lproj/LaunchScreen.storyboard; sourceTree = "<group>"; };
		22B0B89A2DD3AEEE00243611 /* Info.plist */ = {isa = PBXFileReference; lastKnownFileType = text.plist.xml; path = Info.plist; sourceTree = "<group>"; };
		22B0B89F2DD3AEEF00243611 /* Sport AppTests.xctest */ = {isa = PBXFileReference; explicitFileType = wrapper.cfbundle; includeInIndex = 0; path = "Sport AppTests.xctest"; sourceTree = BUILT_PRODUCTS_DIR; };
		22B0B8A32DD3AEEF00243611 /* Sport_AppTests.swift */ = {isa = PBXFileReference; lastKnownFileType = sourcecode.swift; path = Sport_AppTests.swift; sourceTree = "<group>"; };
		22B0B8A92DD3AEEF00243611 /* Sport AppUITests.xctest */ = {isa = PBXFileReference; explicitFileType = wrapper.cfbundle; includeInIndex = 0; path = "Sport AppUITests.xctest"; sourceTree = BUILT_PRODUCTS_DIR; };
		22B0B8AD2DD3AEEF00243611 /* Sport_AppUITests.swift */ = {isa = PBXFileReference; lastKnownFileType = sourcecode.swift; path = Sport_AppUITests.swift; sourceTree = "<group>"; };
		22B0B8AF2DD3AEEF00243611 /* Sport_AppUITestsLaunchTests.swift */ = {isa = PBXFileReference; lastKnownFileType = sourcecode.swift; path = Sport_AppUITestsLaunchTests.swift; sourceTree = "<group>"; };
/* End PBXFileReference section */

/* Begin PBXFrameworksBuildPhase section */
		22B0B8832DD3AEED00243611 /* Frameworks */ = {
			isa = PBXFrameworksBuildPhase;
			buildActionMask = 2147483647;
			files = (
				22284F492DD406D10022D4DD /* Lottie in Frameworks */,
				22284F4B2DD406D10022D4DD /* Lottie-Dynamic in Frameworks */,
			);
			runOnlyForDeploymentPostprocessing = 0;
		};
		22B0B89C2DD3AEEF00243611 /* Frameworks */ = {
			isa = PBXFrameworksBuildPhase;
			buildActionMask = 2147483647;
			files = (
			);
			runOnlyForDeploymentPostprocessing = 0;
		};
		22B0B8A62DD3AEEF00243611 /* Frameworks */ = {
			isa = PBXFrameworksBuildPhase;
			buildActionMask = 2147483647;
			files = (
			);
			runOnlyForDeploymentPostprocessing = 0;
		};
/* End PBXFrameworksBuildPhase section */

/* Begin PBXGroup section */
		222497322DD5051F00A0408C /* Home View */ = {
			isa = PBXGroup;
			children = (
				22AD95782DD68B6A009080FF /* Model */,
				22AD95772DD68B63009080FF /* Presenter */,
				22AD95702DD68927009080FF /* View */,
			);
			path = "Home View";
			sourceTree = "<group>";
		};
		22284F452DD405050022D4DD /* Splash View */ = {
			isa = PBXGroup;
			children = (
				22AD95742DD68B49009080FF /* Model */,
				22AD95732DD68B42009080FF /* Presenter */,
				22AD956E2DD68902009080FF /* View */,
			);
			path = "Splash View";
			sourceTree = "<group>";
		};
		2273A0B62DD4D84B006E5F7C /* Onboarding View */ = {
			isa = PBXGroup;
			children = (
				22AD95762DD68B5D009080FF /* Model */,
				22AD95752DD68B55009080FF /* Presenter */,
				22AD956F2DD6891A009080FF /* View */,
			);
			path = "Onboarding View";
			sourceTree = "<group>";
		};
		22AD95692DD68858009080FF /* View */ = {
			isa = PBXGroup;
			children = (
				22AD956D2DD688AD009080FF /* Leagues Details Collection */,
				22AD956C2DD68894009080FF /* Event */,
				22AD956B2DD6887D009080FF /* Team */,
				22AD956A2DD68863009080FF /* Upcoming Match  */,
			);
			path = View;
			sourceTree = "<group>";
		};
		22AD956A2DD68863009080FF /* Upcoming Match  */ = {
			isa = PBXGroup;
			children = (
				223D0EF12DD65ACB00447C83 /* UpcomingMatchCell.swift */,
				223D0EF22DD65ACB00447C83 /* UpcomingMatchCell.xib */,
			);
			path = "Upcoming Match ";
			sourceTree = "<group>";
		};
		22AD956B2DD6887D009080FF /* Team */ = {
			isa = PBXGroup;
			children = (
				223D0EF52DD65AE600447C83 /* TeamCell.swift */,
				223D0EF62DD65AE600447C83 /* TeamCell.xib */,
			);
			path = Team;
			sourceTree = "<group>";
		};
		22AD956C2DD68894009080FF /* Event */ = {
			isa = PBXGroup;
			children = (
				223D0EFB2DD65BA500447C83 /* EventCell.swift */,
				223D0EFC2DD65BA500447C83 /* EventCell.xib */,
			);
			path = Event;
			sourceTree = "<group>";
		};
		22AD956D2DD688AD009080FF /* Leagues Details Collection */ = {
			isa = PBXGroup;
			children = (
				223D0F032DD6642C00447C83 /* LeagueDetailsCollectionView.swift */,
				223D0F042DD6642C00447C83 /* LeagueDetailsCollectionView.xib */,
			);
			path = "Leagues Details Collection";
			sourceTree = "<group>";
		};
		22AD956E2DD68902009080FF /* View */ = {
			isa = PBXGroup;
			children = (
				22284F402DD3F8400022D4DD /* SplashViewController.swift */,
				22284F412DD3F8400022D4DD /* SplashViewController.xib */,
			);
			path = View;
			sourceTree = "<group>";
		};
		22AD956F2DD6891A009080FF /* View */ = {
			isa = PBXGroup;
			children = (
				2273A0B92DD4D963006E5F7C /* OnboardingViewController.swift */,
				2273A0BA2DD4D963006E5F7C /* OnboardingViewController.xib */,
			);
			path = View;
			sourceTree = "<group>";
		};
		22AD95702DD68927009080FF /* View */ = {
			isa = PBXGroup;
			children = (
				222497332DD5051F00A0408C /* HomeCollectionViewCell.swift */,
				222497342DD5051F00A0408C /* HomeViewController.xib */,
				222497352DD5051F00A0408C /* HomeViewController.swift */,
				222497362DD5051F00A0408C /* HeaderCollectionReusableView.swift */,
				222497372DD5051F00A0408C /* CarouselCell.swift */,
				222497382DD5051F00A0408C /* HomeCollectionViewCell.xib */,
			);
			path = View;
			sourceTree = "<group>";
		};
		22AD95712DD68B33009080FF /* Presenter */ = {
			isa = PBXGroup;
			children = (
			);
			path = Presenter;
			sourceTree = "<group>";
		};
		22AD95722DD68B3B009080FF /* Model */ = {
			isa = PBXGroup;
			children = (
			);
			path = Model;
			sourceTree = "<group>";
		};
		22AD95732DD68B42009080FF /* Presenter */ = {
			isa = PBXGroup;
			children = (
			);
			path = Presenter;
			sourceTree = "<group>";
		};
		22AD95742DD68B49009080FF /* Model */ = {
			isa = PBXGroup;
			children = (
			);
			path = Model;
			sourceTree = "<group>";
		};
		22AD95752DD68B55009080FF /* Presenter */ = {
			isa = PBXGroup;
			children = (
			);
			path = Presenter;
			sourceTree = "<group>";
		};
		22AD95762DD68B5D009080FF /* Model */ = {
			isa = PBXGroup;
			children = (
			);
			path = Model;
			sourceTree = "<group>";
		};
		22AD95772DD68B63009080FF /* Presenter */ = {
			isa = PBXGroup;
			children = (
			);
			path = Presenter;
			sourceTree = "<group>";
		};
		22AD95782DD68B6A009080FF /* Model */ = {
			isa = PBXGroup;
			children = (
			);
			path = Model;
			sourceTree = "<group>";
		};
		22B0B87D2DD3AEED00243611 = {
			isa = PBXGroup;
			children = (
				22B0B8882DD3AEED00243611 /* Sport App */,
				22B0B8A22DD3AEEF00243611 /* Sport AppTests */,
				22B0B8AC2DD3AEEF00243611 /* Sport AppUITests */,
				22B0B8872DD3AEED00243611 /* Products */,
			);
			sourceTree = "<group>";
		};
		22B0B8872DD3AEED00243611 /* Products */ = {
			isa = PBXGroup;
			children = (
				22B0B8862DD3AEED00243611 /* Sport App.app */,
				22B0B89F2DD3AEEF00243611 /* Sport AppTests.xctest */,
				22B0B8A92DD3AEEF00243611 /* Sport AppUITests.xctest */,
			);
			name = Products;
			sourceTree = "<group>";
		};
		22B0B8882DD3AEED00243611 /* Sport App */ = {
			isa = PBXGroup;
			children = (
				222497322DD5051F00A0408C /* Home View */,
				2273A0B62DD4D84B006E5F7C /* Onboarding View */,
				22284F452DD405050022D4DD /* Splash View */,
				22F35C702DD53C6500D1B9DE /* Match Details */,
				2273A0AF2DD4D69A006E5F7C /* splash.json */,
				22B0B8892DD3AEED00243611 /* AppDelegate.swift */,
				22B0B88B2DD3AEED00243611 /* SceneDelegate.swift */,
				22B0B88D2DD3AEED00243611 /* ViewController.swift */,
				22B0B8952DD3AEEE00243611 /* Assets.xcassets */,
				22B0B8972DD3AEEE00243611 /* LaunchScreen.storyboard */,
				22B0B89A2DD3AEEE00243611 /* Info.plist */,
				22B0B8922DD3AEED00243611 /* Sport_App.xcdatamodeld */,
				2273A0BD2DD4E00B006E5F7C /* UIColor.swift */,
			);
			path = "Sport App";
			sourceTree = "<group>";
		};
		22B0B8A22DD3AEEF00243611 /* Sport AppTests */ = {
			isa = PBXGroup;
			children = (
				22B0B8A32DD3AEEF00243611 /* Sport_AppTests.swift */,
			);
			path = "Sport AppTests";
			sourceTree = "<group>";
		};
		22B0B8AC2DD3AEEF00243611 /* Sport AppUITests */ = {
			isa = PBXGroup;
			children = (
				22B0B8AD2DD3AEEF00243611 /* Sport_AppUITests.swift */,
				22B0B8AF2DD3AEEF00243611 /* Sport_AppUITestsLaunchTests.swift */,
			);
			path = "Sport AppUITests";
			sourceTree = "<group>";
		};
		22F35C702DD53C6500D1B9DE /* Match Details */ = {
			isa = PBXGroup;
			children = (
				22AD95722DD68B3B009080FF /* Model */,
				22AD95712DD68B33009080FF /* Presenter */,
				22AD95692DD68858009080FF /* View */,
			);
			path = "Match Details";
			sourceTree = "<group>";
		};
/* End PBXGroup section */

/* Begin PBXNativeTarget section */
		22B0B8852DD3AEED00243611 /* Sport App */ = {
			isa = PBXNativeTarget;
			buildConfigurationList = 22B0B8B32DD3AEEF00243611 /* Build configuration list for PBXNativeTarget "Sport App" */;
			buildPhases = (
				22B0B8822DD3AEED00243611 /* Sources */,
				22B0B8832DD3AEED00243611 /* Frameworks */,
				22B0B8842DD3AEED00243611 /* Resources */,
			);
			buildRules = (
			);
			dependencies = (
			);
			name = "Sport App";
			packageProductDependencies = (
				22284F482DD406D10022D4DD /* Lottie */,
				22284F4A2DD406D10022D4DD /* Lottie-Dynamic */,
			);
			productName = "Sport App";
			productReference = 22B0B8862DD3AEED00243611 /* Sport App.app */;
			productType = "com.apple.product-type.application";
		};
		22B0B89E2DD3AEEF00243611 /* Sport AppTests */ = {
			isa = PBXNativeTarget;
			buildConfigurationList = 22B0B8B62DD3AEEF00243611 /* Build configuration list for PBXNativeTarget "Sport AppTests" */;
			buildPhases = (
				22B0B89B2DD3AEEF00243611 /* Sources */,
				22B0B89C2DD3AEEF00243611 /* Frameworks */,
				22B0B89D2DD3AEEF00243611 /* Resources */,
			);
			buildRules = (
			);
			dependencies = (
				22B0B8A12DD3AEEF00243611 /* PBXTargetDependency */,
			);
			name = "Sport AppTests";
			productName = "Sport AppTests";
			productReference = 22B0B89F2DD3AEEF00243611 /* Sport AppTests.xctest */;
			productType = "com.apple.product-type.bundle.unit-test";
		};
		22B0B8A82DD3AEEF00243611 /* Sport AppUITests */ = {
			isa = PBXNativeTarget;
			buildConfigurationList = 22B0B8B92DD3AEEF00243611 /* Build configuration list for PBXNativeTarget "Sport AppUITests" */;
			buildPhases = (
				22B0B8A52DD3AEEF00243611 /* Sources */,
				22B0B8A62DD3AEEF00243611 /* Frameworks */,
				22B0B8A72DD3AEEF00243611 /* Resources */,
			);
			buildRules = (
			);
			dependencies = (
				22B0B8AB2DD3AEEF00243611 /* PBXTargetDependency */,
			);
			name = "Sport AppUITests";
			productName = "Sport AppUITests";
			productReference = 22B0B8A92DD3AEEF00243611 /* Sport AppUITests.xctest */;
			productType = "com.apple.product-type.bundle.ui-testing";
		};
/* End PBXNativeTarget section */

/* Begin PBXProject section */
		22B0B87E2DD3AEED00243611 /* Project object */ = {
			isa = PBXProject;
			attributes = {
				BuildIndependentTargetsInParallel = 1;
				LastSwiftUpdateCheck = 1500;
				LastUpgradeCheck = 1500;
				TargetAttributes = {
					22B0B8852DD3AEED00243611 = {
						CreatedOnToolsVersion = 15.0;
					};
					22B0B89E2DD3AEEF00243611 = {
						CreatedOnToolsVersion = 15.0;
						TestTargetID = 22B0B8852DD3AEED00243611;
					};
					22B0B8A82DD3AEEF00243611 = {
						CreatedOnToolsVersion = 15.0;
						TestTargetID = 22B0B8852DD3AEED00243611;
					};
				};
			};
			buildConfigurationList = 22B0B8812DD3AEED00243611 /* Build configuration list for PBXProject "Sport App" */;
			compatibilityVersion = "Xcode 14.0";
			developmentRegion = en;
			hasScannedForEncodings = 0;
			knownRegions = (
				en,
				Base,
			);
			mainGroup = 22B0B87D2DD3AEED00243611;
			packageReferences = (
				22284F442DD404F30022D4DD /* XCRemoteSwiftPackageReference "lottie-ios" */,
			);
			productRefGroup = 22B0B8872DD3AEED00243611 /* Products */;
			projectDirPath = "";
			projectRoot = "";
			targets = (
				22B0B8852DD3AEED00243611 /* Sport App */,
				22B0B89E2DD3AEEF00243611 /* Sport AppTests */,
				22B0B8A82DD3AEEF00243611 /* Sport AppUITests */,
			);
		};
/* End PBXProject section */

/* Begin PBXResourcesBuildPhase section */
		22B0B8842DD3AEED00243611 /* Resources */ = {
			isa = PBXResourcesBuildPhase;
			buildActionMask = 2147483647;
			files = (
				22B0B8992DD3AEEE00243611 /* LaunchScreen.storyboard in Resources */,
				223D0EF42DD65ACB00447C83 /* UpcomingMatchCell.xib in Resources */,
				22B0B8962DD3AEEE00243611 /* Assets.xcassets in Resources */,
				223D0EFE2DD65BA500447C83 /* EventCell.xib in Resources */,
				22284F432DD3F8400022D4DD /* SplashViewController.xib in Resources */,
				2273A0B02DD4D69A006E5F7C /* splash.json in Resources */,
				2224973E2DD5051F00A0408C /* HomeCollectionViewCell.xib in Resources */,
				2273A0BC2DD4D964006E5F7C /* OnboardingViewController.xib in Resources */,
				223D0F062DD6642C00447C83 /* LeagueDetailsCollectionView.xib in Resources */,
				223D0EF82DD65AE600447C83 /* TeamCell.xib in Resources */,
				2224973A2DD5051F00A0408C /* HomeViewController.xib in Resources */,
			);
			runOnlyForDeploymentPostprocessing = 0;
		};
		22B0B89D2DD3AEEF00243611 /* Resources */ = {
			isa = PBXResourcesBuildPhase;
			buildActionMask = 2147483647;
			files = (
			);
			runOnlyForDeploymentPostprocessing = 0;
		};
		22B0B8A72DD3AEEF00243611 /* Resources */ = {
			isa = PBXResourcesBuildPhase;
			buildActionMask = 2147483647;
			files = (
			);
			runOnlyForDeploymentPostprocessing = 0;
		};
/* End PBXResourcesBuildPhase section */

/* Begin PBXSourcesBuildPhase section */
		22B0B8822DD3AEED00243611 /* Sources */ = {
			isa = PBXSourcesBuildPhase;
			buildActionMask = 2147483647;
			files = (
				22B0B88E2DD3AEED00243611 /* ViewController.swift in Sources */,
				22B0B88A2DD3AEED00243611 /* AppDelegate.swift in Sources */,
				223D0EF72DD65AE600447C83 /* TeamCell.swift in Sources */,
				2224973D2DD5051F00A0408C /* CarouselCell.swift in Sources */,
				22284F422DD3F8400022D4DD /* SplashViewController.swift in Sources */,
				2273A0BB2DD4D964006E5F7C /* OnboardingViewController.swift in Sources */,
				223D0F052DD6642C00447C83 /* LeagueDetailsCollectionView.swift in Sources */,
				2273A0BE2DD4E00B006E5F7C /* UIColor.swift in Sources */,
				2224973B2DD5051F00A0408C /* HomeViewController.swift in Sources */,
				22B0B8942DD3AEED00243611 /* Sport_App.xcdatamodeld in Sources */,
				22B0B88C2DD3AEED00243611 /* SceneDelegate.swift in Sources */,
				223D0EFD2DD65BA500447C83 /* EventCell.swift in Sources */,
				2224973C2DD5051F00A0408C /* HeaderCollectionReusableView.swift in Sources */,
				222497392DD5051F00A0408C /* HomeCollectionViewCell.swift in Sources */,
				223D0EF32DD65ACB00447C83 /* UpcomingMatchCell.swift in Sources */,
			);
			runOnlyForDeploymentPostprocessing = 0;
		};
		22B0B89B2DD3AEEF00243611 /* Sources */ = {
			isa = PBXSourcesBuildPhase;
			buildActionMask = 2147483647;
			files = (
				22B0B8A42DD3AEEF00243611 /* Sport_AppTests.swift in Sources */,
			);
			runOnlyForDeploymentPostprocessing = 0;
		};
		22B0B8A52DD3AEEF00243611 /* Sources */ = {
			isa = PBXSourcesBuildPhase;
			buildActionMask = 2147483647;
			files = (
				22B0B8AE2DD3AEEF00243611 /* Sport_AppUITests.swift in Sources */,
				22B0B8B02DD3AEEF00243611 /* Sport_AppUITestsLaunchTests.swift in Sources */,
			);
			runOnlyForDeploymentPostprocessing = 0;
		};
/* End PBXSourcesBuildPhase section */

/* Begin PBXTargetDependency section */
		22B0B8A12DD3AEEF00243611 /* PBXTargetDependency */ = {
			isa = PBXTargetDependency;
			target = 22B0B8852DD3AEED00243611 /* Sport App */;
			targetProxy = 22B0B8A02DD3AEEF00243611 /* PBXContainerItemProxy */;
		};
		22B0B8AB2DD3AEEF00243611 /* PBXTargetDependency */ = {
			isa = PBXTargetDependency;
			target = 22B0B8852DD3AEED00243611 /* Sport App */;
			targetProxy = 22B0B8AA2DD3AEEF00243611 /* PBXContainerItemProxy */;
		};
/* End PBXTargetDependency section */

/* Begin PBXVariantGroup section */
		22B0B8972DD3AEEE00243611 /* LaunchScreen.storyboard */ = {
			isa = PBXVariantGroup;
			children = (
				22B0B8982DD3AEEE00243611 /* Base */,
			);
			name = LaunchScreen.storyboard;
			sourceTree = "<group>";
		};
/* End PBXVariantGroup section */

/* Begin XCBuildConfiguration section */
		22B0B8B12DD3AEEF00243611 /* Debug */ = {
			isa = XCBuildConfiguration;
			buildSettings = {
				ALWAYS_SEARCH_USER_PATHS = NO;
				ASSETCATALOG_COMPILER_GENERATE_SWIFT_ASSET_SYMBOL_EXTENSIONS = YES;
				CLANG_ANALYZER_NONNULL = YES;
				CLANG_ANALYZER_NUMBER_OBJECT_CONVERSION = YES_AGGRESSIVE;
				CLANG_CXX_LANGUAGE_STANDARD = "gnu++20";
				CLANG_ENABLE_MODULES = YES;
				CLANG_ENABLE_OBJC_ARC = YES;
				CLANG_ENABLE_OBJC_WEAK = YES;
				CLANG_WARN_BLOCK_CAPTURE_AUTORELEASING = YES;
				CLANG_WARN_BOOL_CONVERSION = YES;
				CLANG_WARN_COMMA = YES;
				CLANG_WARN_CONSTANT_CONVERSION = YES;
				CLANG_WARN_DEPRECATED_OBJC_IMPLEMENTATIONS = YES;
				CLANG_WARN_DIRECT_OBJC_ISA_USAGE = YES_ERROR;
				CLANG_WARN_DOCUMENTATION_COMMENTS = YES;
				CLANG_WARN_EMPTY_BODY = YES;
				CLANG_WARN_ENUM_CONVERSION = YES;
				CLANG_WARN_INFINITE_RECURSION = YES;
				CLANG_WARN_INT_CONVERSION = YES;
				CLANG_WARN_NON_LITERAL_NULL_CONVERSION = YES;
				CLANG_WARN_OBJC_IMPLICIT_RETAIN_SELF = YES;
				CLANG_WARN_OBJC_LITERAL_CONVERSION = YES;
				CLANG_WARN_OBJC_ROOT_CLASS = YES_ERROR;
				CLANG_WARN_QUOTED_INCLUDE_IN_FRAMEWORK_HEADER = YES;
				CLANG_WARN_RANGE_LOOP_ANALYSIS = YES;
				CLANG_WARN_STRICT_PROTOTYPES = YES;
				CLANG_WARN_SUSPICIOUS_MOVE = YES;
				CLANG_WARN_UNGUARDED_AVAILABILITY = YES_AGGRESSIVE;
				CLANG_WARN_UNREACHABLE_CODE = YES;
				CLANG_WARN__DUPLICATE_METHOD_MATCH = YES;
				COPY_PHASE_STRIP = NO;
				DEBUG_INFORMATION_FORMAT = dwarf;
				ENABLE_STRICT_OBJC_MSGSEND = YES;
				ENABLE_TESTABILITY = YES;
				ENABLE_USER_SCRIPT_SANDBOXING = YES;
				GCC_C_LANGUAGE_STANDARD = gnu17;
				GCC_DYNAMIC_NO_PIC = NO;
				GCC_NO_COMMON_BLOCKS = YES;
				GCC_OPTIMIZATION_LEVEL = 0;
				GCC_PREPROCESSOR_DEFINITIONS = (
					"DEBUG=1",
					"$(inherited)",
				);
				GCC_WARN_64_TO_32_BIT_CONVERSION = YES;
				GCC_WARN_ABOUT_RETURN_TYPE = YES_ERROR;
				GCC_WARN_UNDECLARED_SELECTOR = YES;
				GCC_WARN_UNINITIALIZED_AUTOS = YES_AGGRESSIVE;
				GCC_WARN_UNUSED_FUNCTION = YES;
				GCC_WARN_UNUSED_VARIABLE = YES;
				IPHONEOS_DEPLOYMENT_TARGET = 17.0;
				LOCALIZATION_PREFERS_STRING_CATALOGS = YES;
				MTL_ENABLE_DEBUG_INFO = INCLUDE_SOURCE;
				MTL_FAST_MATH = YES;
				ONLY_ACTIVE_ARCH = YES;
				SDKROOT = iphoneos;
				SWIFT_ACTIVE_COMPILATION_CONDITIONS = "DEBUG $(inherited)";
				SWIFT_OPTIMIZATION_LEVEL = "-Onone";
			};
			name = Debug;
		};
		22B0B8B22DD3AEEF00243611 /* Release */ = {
			isa = XCBuildConfiguration;
			buildSettings = {
				ALWAYS_SEARCH_USER_PATHS = NO;
				ASSETCATALOG_COMPILER_GENERATE_SWIFT_ASSET_SYMBOL_EXTENSIONS = YES;
				CLANG_ANALYZER_NONNULL = YES;
				CLANG_ANALYZER_NUMBER_OBJECT_CONVERSION = YES_AGGRESSIVE;
				CLANG_CXX_LANGUAGE_STANDARD = "gnu++20";
				CLANG_ENABLE_MODULES = YES;
				CLANG_ENABLE_OBJC_ARC = YES;
				CLANG_ENABLE_OBJC_WEAK = YES;
				CLANG_WARN_BLOCK_CAPTURE_AUTORELEASING = YES;
				CLANG_WARN_BOOL_CONVERSION = YES;
				CLANG_WARN_COMMA = YES;
				CLANG_WARN_CONSTANT_CONVERSION = YES;
				CLANG_WARN_DEPRECATED_OBJC_IMPLEMENTATIONS = YES;
				CLANG_WARN_DIRECT_OBJC_ISA_USAGE = YES_ERROR;
				CLANG_WARN_DOCUMENTATION_COMMENTS = YES;
				CLANG_WARN_EMPTY_BODY = YES;
				CLANG_WARN_ENUM_CONVERSION = YES;
				CLANG_WARN_INFINITE_RECURSION = YES;
				CLANG_WARN_INT_CONVERSION = YES;
				CLANG_WARN_NON_LITERAL_NULL_CONVERSION = YES;
				CLANG_WARN_OBJC_IMPLICIT_RETAIN_SELF = YES;
				CLANG_WARN_OBJC_LITERAL_CONVERSION = YES;
				CLANG_WARN_OBJC_ROOT_CLASS = YES_ERROR;
				CLANG_WARN_QUOTED_INCLUDE_IN_FRAMEWORK_HEADER = YES;
				CLANG_WARN_RANGE_LOOP_ANALYSIS = YES;
				CLANG_WARN_STRICT_PROTOTYPES = YES;
				CLANG_WARN_SUSPICIOUS_MOVE = YES;
				CLANG_WARN_UNGUARDED_AVAILABILITY = YES_AGGRESSIVE;
				CLANG_WARN_UNREACHABLE_CODE = YES;
				CLANG_WARN__DUPLICATE_METHOD_MATCH = YES;
				COPY_PHASE_STRIP = NO;
				DEBUG_INFORMATION_FORMAT = "dwarf-with-dsym";
				ENABLE_NS_ASSERTIONS = NO;
				ENABLE_STRICT_OBJC_MSGSEND = YES;
				ENABLE_USER_SCRIPT_SANDBOXING = YES;
				GCC_C_LANGUAGE_STANDARD = gnu17;
				GCC_NO_COMMON_BLOCKS = YES;
				GCC_WARN_64_TO_32_BIT_CONVERSION = YES;
				GCC_WARN_ABOUT_RETURN_TYPE = YES_ERROR;
				GCC_WARN_UNDECLARED_SELECTOR = YES;
				GCC_WARN_UNINITIALIZED_AUTOS = YES_AGGRESSIVE;
				GCC_WARN_UNUSED_FUNCTION = YES;
				GCC_WARN_UNUSED_VARIABLE = YES;
				IPHONEOS_DEPLOYMENT_TARGET = 17.0;
				LOCALIZATION_PREFERS_STRING_CATALOGS = YES;
				MTL_ENABLE_DEBUG_INFO = NO;
				MTL_FAST_MATH = YES;
				SDKROOT = iphoneos;
				SWIFT_COMPILATION_MODE = wholemodule;
				VALIDATE_PRODUCT = YES;
			};
			name = Release;
		};
		22B0B8B42DD3AEEF00243611 /* Debug */ = {
			isa = XCBuildConfiguration;
			buildSettings = {
				ASSETCATALOG_COMPILER_APPICON_NAME = AppIcon;
				ASSETCATALOG_COMPILER_GLOBAL_ACCENT_COLOR_NAME = AccentColor;
				CODE_SIGN_STYLE = Automatic;
				CURRENT_PROJECT_VERSION = 1;
				GENERATE_INFOPLIST_FILE = YES;
				INFOPLIST_FILE = "Sport App/Info.plist";
				INFOPLIST_KEY_UIApplicationSupportsIndirectInputEvents = YES;
				INFOPLIST_KEY_UILaunchStoryboardName = LaunchScreen;
				INFOPLIST_KEY_UISupportedInterfaceOrientations_iPad = "UIInterfaceOrientationPortrait UIInterfaceOrientationPortraitUpsideDown UIInterfaceOrientationLandscapeLeft UIInterfaceOrientationLandscapeRight";
				INFOPLIST_KEY_UISupportedInterfaceOrientations_iPhone = "UIInterfaceOrientationPortrait UIInterfaceOrientationLandscapeLeft UIInterfaceOrientationLandscapeRight";
				LD_RUNPATH_SEARCH_PATHS = (
					"$(inherited)",
					"@executable_path/Frameworks",
				);
				MARKETING_VERSION = 1.0;
				PRODUCT_BUNDLE_IDENTIFIER = "iti.Sport-App";
				PRODUCT_NAME = "$(TARGET_NAME)";
				SWIFT_EMIT_LOC_STRINGS = YES;
				SWIFT_VERSION = 5.0;
				TARGETED_DEVICE_FAMILY = "1,2";
			};
			name = Debug;
		};
		22B0B8B52DD3AEEF00243611 /* Release */ = {
			isa = XCBuildConfiguration;
			buildSettings = {
				ASSETCATALOG_COMPILER_APPICON_NAME = AppIcon;
				ASSETCATALOG_COMPILER_GLOBAL_ACCENT_COLOR_NAME = AccentColor;
				CODE_SIGN_STYLE = Automatic;
				CURRENT_PROJECT_VERSION = 1;
				GENERATE_INFOPLIST_FILE = YES;
				INFOPLIST_FILE = "Sport App/Info.plist";
				INFOPLIST_KEY_UIApplicationSupportsIndirectInputEvents = YES;
				INFOPLIST_KEY_UILaunchStoryboardName = LaunchScreen;
				INFOPLIST_KEY_UISupportedInterfaceOrientations_iPad = "UIInterfaceOrientationPortrait UIInterfaceOrientationPortraitUpsideDown UIInterfaceOrientationLandscapeLeft UIInterfaceOrientationLandscapeRight";
				INFOPLIST_KEY_UISupportedInterfaceOrientations_iPhone = "UIInterfaceOrientationPortrait UIInterfaceOrientationLandscapeLeft UIInterfaceOrientationLandscapeRight";
				LD_RUNPATH_SEARCH_PATHS = (
					"$(inherited)",
					"@executable_path/Frameworks",
				);
				MARKETING_VERSION = 1.0;
				PRODUCT_BUNDLE_IDENTIFIER = "iti.Sport-App";
				PRODUCT_NAME = "$(TARGET_NAME)";
				SWIFT_EMIT_LOC_STRINGS = YES;
				SWIFT_VERSION = 5.0;
				TARGETED_DEVICE_FAMILY = "1,2";
			};
			name = Release;
		};
		22B0B8B72DD3AEEF00243611 /* Debug */ = {
			isa = XCBuildConfiguration;
			buildSettings = {
				ALWAYS_EMBED_SWIFT_STANDARD_LIBRARIES = YES;
				BUNDLE_LOADER = "$(TEST_HOST)";
				CODE_SIGN_STYLE = Automatic;
				CURRENT_PROJECT_VERSION = 1;
				GENERATE_INFOPLIST_FILE = YES;
				IPHONEOS_DEPLOYMENT_TARGET = 17.0;
				MARKETING_VERSION = 1.0;
				PRODUCT_BUNDLE_IDENTIFIER = "iti.Sport-AppTests";
				PRODUCT_NAME = "$(TARGET_NAME)";
				SWIFT_EMIT_LOC_STRINGS = NO;
				SWIFT_VERSION = 5.0;
				TARGETED_DEVICE_FAMILY = "1,2";
				TEST_HOST = "$(BUILT_PRODUCTS_DIR)/Sport App.app/$(BUNDLE_EXECUTABLE_FOLDER_PATH)/Sport App";
			};
			name = Debug;
		};
		22B0B8B82DD3AEEF00243611 /* Release */ = {
			isa = XCBuildConfiguration;
			buildSettings = {
				ALWAYS_EMBED_SWIFT_STANDARD_LIBRARIES = YES;
				BUNDLE_LOADER = "$(TEST_HOST)";
				CODE_SIGN_STYLE = Automatic;
				CURRENT_PROJECT_VERSION = 1;
				GENERATE_INFOPLIST_FILE = YES;
				IPHONEOS_DEPLOYMENT_TARGET = 17.0;
				MARKETING_VERSION = 1.0;
				PRODUCT_BUNDLE_IDENTIFIER = "iti.Sport-AppTests";
				PRODUCT_NAME = "$(TARGET_NAME)";
				SWIFT_EMIT_LOC_STRINGS = NO;
				SWIFT_VERSION = 5.0;
				TARGETED_DEVICE_FAMILY = "1,2";
				TEST_HOST = "$(BUILT_PRODUCTS_DIR)/Sport App.app/$(BUNDLE_EXECUTABLE_FOLDER_PATH)/Sport App";
			};
			name = Release;
		};
		22B0B8BA2DD3AEEF00243611 /* Debug */ = {
			isa = XCBuildConfiguration;
			buildSettings = {
				ALWAYS_EMBED_SWIFT_STANDARD_LIBRARIES = YES;
				CODE_SIGN_STYLE = Automatic;
				CURRENT_PROJECT_VERSION = 1;
				GENERATE_INFOPLIST_FILE = YES;
				MARKETING_VERSION = 1.0;
				PRODUCT_BUNDLE_IDENTIFIER = "iti.Sport-AppUITests";
				PRODUCT_NAME = "$(TARGET_NAME)";
				SWIFT_EMIT_LOC_STRINGS = NO;
				SWIFT_VERSION = 5.0;
				TARGETED_DEVICE_FAMILY = "1,2";
				TEST_TARGET_NAME = "Sport App";
			};
			name = Debug;
		};
		22B0B8BB2DD3AEEF00243611 /* Release */ = {
			isa = XCBuildConfiguration;
			buildSettings = {
				ALWAYS_EMBED_SWIFT_STANDARD_LIBRARIES = YES;
				CODE_SIGN_STYLE = Automatic;
				CURRENT_PROJECT_VERSION = 1;
				GENERATE_INFOPLIST_FILE = YES;
				MARKETING_VERSION = 1.0;
				PRODUCT_BUNDLE_IDENTIFIER = "iti.Sport-AppUITests";
				PRODUCT_NAME = "$(TARGET_NAME)";
				SWIFT_EMIT_LOC_STRINGS = NO;
				SWIFT_VERSION = 5.0;
				TARGETED_DEVICE_FAMILY = "1,2";
				TEST_TARGET_NAME = "Sport App";
			};
			name = Release;
		};
/* End XCBuildConfiguration section */

/* Begin XCConfigurationList section */
		22B0B8812DD3AEED00243611 /* Build configuration list for PBXProject "Sport App" */ = {
			isa = XCConfigurationList;
			buildConfigurations = (
				22B0B8B12DD3AEEF00243611 /* Debug */,
				22B0B8B22DD3AEEF00243611 /* Release */,
			);
			defaultConfigurationIsVisible = 0;
			defaultConfigurationName = Release;
		};
		22B0B8B32DD3AEEF00243611 /* Build configuration list for PBXNativeTarget "Sport App" */ = {
			isa = XCConfigurationList;
			buildConfigurations = (
				22B0B8B42DD3AEEF00243611 /* Debug */,
				22B0B8B52DD3AEEF00243611 /* Release */,
			);
			defaultConfigurationIsVisible = 0;
			defaultConfigurationName = Release;
		};
		22B0B8B62DD3AEEF00243611 /* Build configuration list for PBXNativeTarget "Sport AppTests" */ = {
			isa = XCConfigurationList;
			buildConfigurations = (
				22B0B8B72DD3AEEF00243611 /* Debug */,
				22B0B8B82DD3AEEF00243611 /* Release */,
			);
			defaultConfigurationIsVisible = 0;
			defaultConfigurationName = Release;
		};
		22B0B8B92DD3AEEF00243611 /* Build configuration list for PBXNativeTarget "Sport AppUITests" */ = {
			isa = XCConfigurationList;
			buildConfigurations = (
				22B0B8BA2DD3AEEF00243611 /* Debug */,
				22B0B8BB2DD3AEEF00243611 /* Release */,
			);
			defaultConfigurationIsVisible = 0;
			defaultConfigurationName = Release;
		};
/* End XCConfigurationList section */

/* Begin XCRemoteSwiftPackageReference section */
		22284F442DD404F30022D4DD /* XCRemoteSwiftPackageReference "lottie-ios" */ = {
			isa = XCRemoteSwiftPackageReference;
			repositoryURL = "https://github.com/airbnb/lottie-ios";
			requirement = {
				kind = upToNextMajorVersion;
				minimumVersion = 4.5.1;
			};
		};
/* End XCRemoteSwiftPackageReference section */

/* Begin XCSwiftPackageProductDependency section */
		22284F482DD406D10022D4DD /* Lottie */ = {
			isa = XCSwiftPackageProductDependency;
			package = 22284F442DD404F30022D4DD /* XCRemoteSwiftPackageReference "lottie-ios" */;
			productName = Lottie;
		};
		22284F4A2DD406D10022D4DD /* Lottie-Dynamic */ = {
			isa = XCSwiftPackageProductDependency;
			package = 22284F442DD404F30022D4DD /* XCRemoteSwiftPackageReference "lottie-ios" */;
			productName = "Lottie-Dynamic";
		};
/* End XCSwiftPackageProductDependency section */

/* Begin XCVersionGroup section */
		22B0B8922DD3AEED00243611 /* Sport_App.xcdatamodeld */ = {
			isa = XCVersionGroup;
			children = (
				22B0B8932DD3AEED00243611 /* Sport_App.xcdatamodel */,
			);
			currentVersion = 22B0B8932DD3AEED00243611 /* Sport_App.xcdatamodel */;
			path = Sport_App.xcdatamodeld;
			sourceTree = "<group>";
			versionGroupType = wrapper.xcdatamodel;
		};
/* End XCVersionGroup section */
	};
	rootObject = 22B0B87E2DD3AEED00243611 /* Project object */;
}
